<?xml version="1.0" encoding="utf-8"?>
<Project ToolsVersion="4.0" xmlns="http://schemas.microsoft.com/developer/msbuild/2003">
  <ItemGroup>
    <Filter Include="Source Files">
      <UniqueIdentifier>{4FC737F1-C7A5-4376-A066-2A32D752A2FF}</UniqueIdentifier>
      <Extensions>cpp;c;cc;cxx;def;odl;idl;hpj;bat;asm;asmx</Extensions>
    </Filter>
    <Filter Include="Header Files">
      <UniqueIdentifier>{93995380-89BD-4b04-88EB-625FBE52EBFB}</UniqueIdentifier>
      <Extensions>h;hpp;hxx;hm;inl;inc;xsd</Extensions>
    </Filter>
    <Filter Include="Resource Files">
      <UniqueIdentifier>{67DA6AB6-F800-4c08-8B7A-83BB121AAD01}</UniqueIdentifier>
      <Extensions>rc;ico;cur;bmp;dlg;rc2;rct;bin;rgs;gif;jpg;jpeg;jpe;resx;tiff;tif;png;wav;mfcribbon-ms</Extensions>
    </Filter>
    <Filter Include="Kernel Creators">
      <UniqueIdentifier>{d66f35ca-a4cd-470a-9c56-653b0665b598}</UniqueIdentifier>
    </Filter>
  </ItemGroup>
  <ItemGroup>
    <ClCompile Include="..\..\..\Source\EmberCL\DllMain.cpp">
      <Filter>Source Files</Filter>
    </ClCompile>
    <ClCompile Include="..\..\..\Source\EmberCL\OpenCLWrapper.cpp">
      <Filter>Source Files</Filter>
    </ClCompile>
    <ClCompile Include="..\..\..\Source\EmberCL\RendererCL.cpp">
      <Filter>Source Files</Filter>
    </ClCompile>
    <ClCompile Include="..\..\..\Source\EmberCL\DEOpenCLKernelCreator.cpp">
      <Filter>Kernel Creators</Filter>
    </ClCompile>
    <ClCompile Include="..\..\..\Source\EmberCL\FinalAccumOpenCLKernelCreator.cpp">
      <Filter>Kernel Creators</Filter>
    </ClCompile>
    <ClCompile Include="..\..\..\Source\EmberCL\IterOpenCLKernelCreator.cpp">
      <Filter>Kernel Creators</Filter>
    </ClCompile>
  </ItemGroup>
  <ItemGroup>
    <ClInclude Include="..\..\..\Source\EmberCL\OpenCLWrapper.h">
      <Filter>Header Files</Filter>
    </ClInclude>
    <ClInclude Include="..\..\..\Source\EmberCL\RendererCL.h">
      <Filter>Header Files</Filter>
    </ClInclude>
    <ClInclude Include="..\..\..\Source\EmberCL\EmberCLStructs.h">
      <Filter>Header Files</Filter>
    </ClInclude>
    <ClInclude Include="..\..\..\Source\EmberCL\EmberCLPch.h">
      <Filter>Header Files</Filter>
    </ClInclude>
    <ClInclude Include="..\..\..\Source\EmberCL\EmberCLFunctions.h">
      <Filter>Header Files</Filter>
    </ClInclude>
    <ClInclude Include="..\..\..\Source\EmberCL\DEOpenCLKernelCreator.h">
      <Filter>Kernel Creators</Filter>
    </ClInclude>
    <ClInclude Include="..\..\..\Source\EmberCL\FinalAccumOpenCLKernelCreator.h">
      <Filter>Kernel Creators</Filter>
    </ClInclude>
    <ClInclude Include="..\..\..\Source\EmberCL\IterOpenCLKernelCreator.h">
      <Filter>Kernel Creators</Filter>
    </ClInclude>
  </ItemGroup>
</Project>