
Microsoft Visual Studio Solution File, Format Version 12.00
# Visual Studio 2013
VisualStudioVersion = 12.0.30723.0
MinimumVisualStudioVersion = 10.0.40219.1
Project("{8BC9CEB8-8B4A-11D0-8D11-00A0C91BC942}") = "Ember", "Ember.vcxproj", "{2BDB7A54-BB1A-476B-A6E5-F81E90AD4E67}"
EndProject
Project("{8BC9CEB8-8B4A-11D0-8D11-00A0C91BC942}") = "EmberTester", "EmberTester.vcxproj", "{320F611A-F9CE-4196-A8DC-FA24B2E8A320}"
	ProjectSection(ProjectDependencies) = postProject
		{019DBD2A-273D-4BA4-BF86-B5EFE2ED76B1} = {019DBD2A-273D-4BA4-BF86-B5EFE2ED76B1}
		{60F89955-91C6-3A36-8000-13C592FEC2DF} = {60F89955-91C6-3A36-8000-13C592FEC2DF}
		{EB33566E-DA7F-4D28-9077-88C0B7C77E35} = {EB33566E-DA7F-4D28-9077-88C0B7C77E35}
		{D6973076-9317-4EF2-A0B8-B7A18AC0713E} = {D6973076-9317-4EF2-A0B8-B7A18AC0713E}
	EndProjectSection
EndProject
Project("{8BC9CEB8-8B4A-11D0-8D11-00A0C91BC942}") = "Fractorium", "Fractorium.vcxproj", "{6547D5FA-64CE-44BA-9D3C-B6E217456445}"
	ProjectSection(ProjectDependencies) = postProject
		{60F89955-91C6-3A36-8000-13C592FEC2DF} = {60F89955-91C6-3A36-8000-13C592FEC2DF}
		{EB33566E-DA7F-4D28-9077-88C0B7C77E35} = {EB33566E-DA7F-4D28-9077-88C0B7C77E35}
	EndProjectSection
EndProject
Project("{8BC9CEB8-8B4A-11D0-8D11-00A0C91BC942}") = "EmberRender", "EmberRender.vcxproj", "{4A191F4C-03AC-4F1B-AFFD-F5483ECEBD29}"
	ProjectSection(ProjectDependencies) = postProject
		{60F89955-91C6-3A36-8000-13C592FEC2DF} = {60F89955-91C6-3A36-8000-13C592FEC2DF}
		{EB33566E-DA7F-4D28-9077-88C0B7C77E35} = {EB33566E-DA7F-4D28-9077-88C0B7C77E35}
	EndProjectSection
EndProject
Project("{8BC9CEB8-8B4A-11D0-8D11-00A0C91BC942}") = "EmberAnimate", "EmberAnimate.vcxproj", "{35285FCF-6FA8-410E-841B-70AE744D38B8}"
	ProjectSection(ProjectDependencies) = postProject
		{60F89955-91C6-3A36-8000-13C592FEC2DF} = {60F89955-91C6-3A36-8000-13C592FEC2DF}
		{EB33566E-DA7F-4D28-9077-88C0B7C77E35} = {EB33566E-DA7F-4D28-9077-88C0B7C77E35}
	EndProjectSection
EndProject
Project("{8BC9CEB8-8B4A-11D0-8D11-00A0C91BC942}") = "EmberGenome", "EmberGenome.vcxproj", "{7930CAAC-9FC4-4202-B6A3-E760F73F88B7}"
	ProjectSection(ProjectDependencies) = postProject
		{019DBD2A-273D-4BA4-BF86-B5EFE2ED76B1} = {019DBD2A-273D-4BA4-BF86-B5EFE2ED76B1}
		{60F89955-91C6-3A36-8000-13C592FEC2DF} = {60F89955-91C6-3A36-8000-13C592FEC2DF}
		{EB33566E-DA7F-4D28-9077-88C0B7C77E35} = {EB33566E-DA7F-4D28-9077-88C0B7C77E35}
		{D6973076-9317-4EF2-A0B8-B7A18AC0713E} = {D6973076-9317-4EF2-A0B8-B7A18AC0713E}
	EndProjectSection
EndProject
Project("{8BC9CEB8-8B4A-11D0-8D11-00A0C91BC942}") = "EmberCL", "EmberCL.vcxproj", "{F6A9102C-69A9-48FB-BC4B-49E49AF43236}"
	ProjectSection(ProjectDependencies) = postProject
		{60F89955-91C6-3A36-8000-13C592FEC2DF} = {60F89955-91C6-3A36-8000-13C592FEC2DF}
		{EB33566E-DA7F-4D28-9077-88C0B7C77E35} = {EB33566E-DA7F-4D28-9077-88C0B7C77E35}
		{1D6039F6-5078-416F-A3AF-A36EFC7E6A1C} = {1D6039F6-5078-416F-A3AF-A36EFC7E6A1C}
	EndProjectSection
EndProject
Project("{8BC9CEB8-8B4A-11D0-8D11-00A0C91BC942}") = "tbb", "..\..\..\..\tbb\build\vs2010\tbb.vcxproj", "{F62787DD-1327-448B-9818-030062BCFAA5}"
EndProject
Project("{8BC9CEB8-8B4A-11D0-8D11-00A0C91BC942}") = "zlib", "..\..\..\..\libpng\projects\vstudio\zlib\zlib.vcxproj", "{60F89955-91C6-3A36-8000-13C592FEC2DF}"
EndProject
Project("{8BC9CEB8-8B4A-11D0-8D11-00A0C91BC942}") = "pnglibconf", "..\..\..\..\libpng\projects\vstudio\pnglibconf\pnglibconf.vcxproj", "{EB33566E-DA7F-4D28-9077-88C0B7C77E35}"
EndProject
Project("{8BC9CEB8-8B4A-11D0-8D11-00A0C91BC942}") = "libpng", "..\..\..\..\libpng\projects\vstudio\libpng\libpng.vcxproj", "{D6973076-9317-4EF2-A0B8-B7A18AC0713E}"
	ProjectSection(ProjectDependencies) = postProject
		{EB33566E-DA7F-4D28-9077-88C0B7C77E35} = {EB33566E-DA7F-4D28-9077-88C0B7C77E35}
	EndProjectSection
EndProject
Project("{8BC9CEB8-8B4A-11D0-8D11-00A0C91BC942}") = "jpeg", "..\..\..\..\libjpeg\jpeg.vcxproj", "{019DBD2A-273D-4BA4-BF86-B5EFE2ED76B1}"
EndProject
Project("{8BC9CEB8-8B4A-11D0-8D11-00A0C91BC942}") = "libxml2", "..\..\..\..\libxml2\win32\VC10\libxml2.vcxproj", "{1D6039F6-5078-416F-A3AF-A36EFC7E6A1C}"
	ProjectSection(ProjectDependencies) = postProject
		{60F89955-91C6-3A36-8000-13C592FEC2DF} = {60F89955-91C6-3A36-8000-13C592FEC2DF}
	EndProjectSection
EndProject
Project("{930C7802-8A8C-48F9-8165-68863BCCD9DD}") = "FractoriumInstaller", "..\Installer\FractoriumInstaller.wixproj", "{C8096C47-E358-438C-A520-146D46B0637D}"
	ProjectSection(ProjectDependencies) = postProject
		{019DBD2A-273D-4BA4-BF86-B5EFE2ED76B1} = {019DBD2A-273D-4BA4-BF86-B5EFE2ED76B1}
		{F6A9102C-69A9-48FB-BC4B-49E49AF43236} = {F6A9102C-69A9-48FB-BC4B-49E49AF43236}
		{4A191F4C-03AC-4F1B-AFFD-F5483ECEBD29} = {4A191F4C-03AC-4F1B-AFFD-F5483ECEBD29}
		{2BDB7A54-BB1A-476B-A6E5-F81E90AD4E67} = {2BDB7A54-BB1A-476B-A6E5-F81E90AD4E67}
		{60F89955-91C6-3A36-8000-13C592FEC2DF} = {60F89955-91C6-3A36-8000-13C592FEC2DF}
		{EB33566E-DA7F-4D28-9077-88C0B7C77E35} = {EB33566E-DA7F-4D28-9077-88C0B7C77E35}
		{D6973076-9317-4EF2-A0B8-B7A18AC0713E} = {D6973076-9317-4EF2-A0B8-B7A18AC0713E}
		{7930CAAC-9FC4-4202-B6A3-E760F73F88B7} = {7930CAAC-9FC4-4202-B6A3-E760F73F88B7}
		{35285FCF-6FA8-410E-841B-70AE744D38B8} = {35285FCF-6FA8-410E-841B-70AE744D38B8}
		{F62787DD-1327-448B-9818-030062BCFAA5} = {F62787DD-1327-448B-9818-030062BCFAA5}
		{1D6039F6-5078-416F-A3AF-A36EFC7E6A1C} = {1D6039F6-5078-416F-A3AF-A36EFC7E6A1C}
		{6547D5FA-64CE-44BA-9D3C-B6E217456445} = {6547D5FA-64CE-44BA-9D3C-B6E217456445}
	EndProjectSection
EndProject
Global
	GlobalSection(SolutionConfigurationPlatforms) = preSolution
		Debug Library|Mixed Platforms = Debug Library|Mixed Platforms
		Debug Library|Win32 = Debug Library|Win32
		Debug Library|x64 = Debug Library|x64
		Debug Library|x86 = Debug Library|x86
		Debug MX|Mixed Platforms = Debug MX|Mixed Platforms
		Debug MX|Win32 = Debug MX|Win32
		Debug MX|x64 = Debug MX|x64
		Debug MX|x86 = Debug MX|x86
		Debug|Mixed Platforms = Debug|Mixed Platforms
		Debug|Win32 = Debug|Win32
		Debug|x64 = Debug|x64
		Debug|x86 = Debug|x86
		Debug-MT|Mixed Platforms = Debug-MT|Mixed Platforms
		Debug-MT|Win32 = Debug-MT|Win32
		Debug-MT|x64 = Debug-MT|x64
		Debug-MT|x86 = Debug-MT|x86
		Release Library|Mixed Platforms = Release Library|Mixed Platforms
		Release Library|Win32 = Release Library|Win32
		Release Library|x64 = Release Library|x64
		Release Library|x86 = Release Library|x86
		Release MX|Mixed Platforms = Release MX|Mixed Platforms
		Release MX|Win32 = Release MX|Win32
		Release MX|x64 = Release MX|x64
		Release MX|x86 = Release MX|x86
		Release|Mixed Platforms = Release|Mixed Platforms
		Release|Win32 = Release|Win32
		Release|x64 = Release|x64
		Release|x86 = Release|x86
		Release-MT|Mixed Platforms = Release-MT|Mixed Platforms
		Release-MT|Win32 = Release-MT|Win32
		Release-MT|x64 = Release-MT|x64
		Release-MT|x86 = Release-MT|x86
		ReleaseNvidia|Mixed Platforms = ReleaseNvidia|Mixed Platforms
		ReleaseNvidia|Win32 = ReleaseNvidia|Win32
		ReleaseNvidia|x64 = ReleaseNvidia|x64
		ReleaseNvidia|x86 = ReleaseNvidia|x86
		ReleaseWithoutAsm|Mixed Platforms = ReleaseWithoutAsm|Mixed Platforms
		ReleaseWithoutAsm|Win32 = ReleaseWithoutAsm|Win32
		ReleaseWithoutAsm|x64 = ReleaseWithoutAsm|x64
		ReleaseWithoutAsm|x86 = ReleaseWithoutAsm|x86
	EndGlobalSection
	GlobalSection(ProjectConfigurationPlatforms) = postSolution
		{2BDB7A54-BB1A-476B-A6E5-F81E90AD4E67}.Debug Library|Mixed Platforms.ActiveCfg = Debug|x64
		{2BDB7A54-BB1A-476B-A6E5-F81E90AD4E67}.Debug Library|Mixed Platforms.Build.0 = Debug|x64
		{2BDB7A54-BB1A-476B-A6E5-F81E90AD4E67}.Debug Library|Win32.ActiveCfg = Debug|x64
		{2BDB7A54-BB1A-476B-A6E5-F81E90AD4E67}.Debug Library|x64.ActiveCfg = Debug|x64
		{2BDB7A54-BB1A-476B-A6E5-F81E90AD4E67}.Debug Library|x64.Build.0 = Debug|x64
		{2BDB7A54-BB1A-476B-A6E5-F81E90AD4E67}.Debug Library|x86.ActiveCfg = Debug|x64
		{2BDB7A54-BB1A-476B-A6E5-F81E90AD4E67}.Debug MX|Mixed Platforms.ActiveCfg = Debug|x64
		{2BDB7A54-BB1A-476B-A6E5-F81E90AD4E67}.Debug MX|Mixed Platforms.Build.0 = Debug|x64
		{2BDB7A54-BB1A-476B-A6E5-F81E90AD4E67}.Debug MX|Win32.ActiveCfg = Debug|x64
		{2BDB7A54-BB1A-476B-A6E5-F81E90AD4E67}.Debug MX|x64.ActiveCfg = Debug|x64
		{2BDB7A54-BB1A-476B-A6E5-F81E90AD4E67}.Debug MX|x64.Build.0 = Debug|x64
		{2BDB7A54-BB1A-476B-A6E5-F81E90AD4E67}.Debug MX|x86.ActiveCfg = Debug|x64
		{2BDB7A54-BB1A-476B-A6E5-F81E90AD4E67}.Debug|Mixed Platforms.ActiveCfg = Debug|x64
		{2BDB7A54-BB1A-476B-A6E5-F81E90AD4E67}.Debug|Mixed Platforms.Build.0 = Debug|x64
		{2BDB7A54-BB1A-476B-A6E5-F81E90AD4E67}.Debug|Win32.ActiveCfg = Debug|Win32
		{2BDB7A54-BB1A-476B-A6E5-F81E90AD4E67}.Debug|Win32.Build.0 = Debug|Win32
		{2BDB7A54-BB1A-476B-A6E5-F81E90AD4E67}.Debug|x64.ActiveCfg = Debug|x64
		{2BDB7A54-BB1A-476B-A6E5-F81E90AD4E67}.Debug|x64.Build.0 = Debug|x64
		{2BDB7A54-BB1A-476B-A6E5-F81E90AD4E67}.Debug|x86.ActiveCfg = Debug|x64
		{2BDB7A54-BB1A-476B-A6E5-F81E90AD4E67}.Debug-MT|Mixed Platforms.ActiveCfg = Debug|x64
		{2BDB7A54-BB1A-476B-A6E5-F81E90AD4E67}.Debug-MT|Mixed Platforms.Build.0 = Debug|x64
		{2BDB7A54-BB1A-476B-A6E5-F81E90AD4E67}.Debug-MT|Win32.ActiveCfg = Debug|x64
		{2BDB7A54-BB1A-476B-A6E5-F81E90AD4E67}.Debug-MT|x64.ActiveCfg = Debug|x64
		{2BDB7A54-BB1A-476B-A6E5-F81E90AD4E67}.Debug-MT|x64.Build.0 = Debug|x64
		{2BDB7A54-BB1A-476B-A6E5-F81E90AD4E67}.Debug-MT|x86.ActiveCfg = Debug|x64
		{2BDB7A54-BB1A-476B-A6E5-F81E90AD4E67}.Release Library|Mixed Platforms.ActiveCfg = Release|x64
		{2BDB7A54-BB1A-476B-A6E5-F81E90AD4E67}.Release Library|Mixed Platforms.Build.0 = Release|x64
		{2BDB7A54-BB1A-476B-A6E5-F81E90AD4E67}.Release Library|Win32.ActiveCfg = Release|x64
		{2BDB7A54-BB1A-476B-A6E5-F81E90AD4E67}.Release Library|x64.ActiveCfg = Release|x64
		{2BDB7A54-BB1A-476B-A6E5-F81E90AD4E67}.Release Library|x64.Build.0 = Release|x64
		{2BDB7A54-BB1A-476B-A6E5-F81E90AD4E67}.Release Library|x86.ActiveCfg = Release|x64
		{2BDB7A54-BB1A-476B-A6E5-F81E90AD4E67}.Release MX|Mixed Platforms.ActiveCfg = Release|x64
		{2BDB7A54-BB1A-476B-A6E5-F81E90AD4E67}.Release MX|Mixed Platforms.Build.0 = Release|x64
		{2BDB7A54-BB1A-476B-A6E5-F81E90AD4E67}.Release MX|Win32.ActiveCfg = Release|x64
		{2BDB7A54-BB1A-476B-A6E5-F81E90AD4E67}.Release MX|x64.ActiveCfg = Release|x64
		{2BDB7A54-BB1A-476B-A6E5-F81E90AD4E67}.Release MX|x64.Build.0 = Release|x64
		{2BDB7A54-BB1A-476B-A6E5-F81E90AD4E67}.Release MX|x86.ActiveCfg = Release|x64
		{2BDB7A54-BB1A-476B-A6E5-F81E90AD4E67}.Release|Mixed Platforms.ActiveCfg = Release|x64
		{2BDB7A54-BB1A-476B-A6E5-F81E90AD4E67}.Release|Mixed Platforms.Build.0 = Release|x64
		{2BDB7A54-BB1A-476B-A6E5-F81E90AD4E67}.Release|Win32.ActiveCfg = Release|Win32
		{2BDB7A54-BB1A-476B-A6E5-F81E90AD4E67}.Release|Win32.Build.0 = Release|Win32
		{2BDB7A54-BB1A-476B-A6E5-F81E90AD4E67}.Release|x64.ActiveCfg = Release|x64
		{2BDB7A54-BB1A-476B-A6E5-F81E90AD4E67}.Release|x64.Build.0 = Release|x64
		{2BDB7A54-BB1A-476B-A6E5-F81E90AD4E67}.Release|x86.ActiveCfg = Release|x64
		{2BDB7A54-BB1A-476B-A6E5-F81E90AD4E67}.Release-MT|Mixed Platforms.ActiveCfg = Release|x64
		{2BDB7A54-BB1A-476B-A6E5-F81E90AD4E67}.Release-MT|Mixed Platforms.Build.0 = Release|x64
		{2BDB7A54-BB1A-476B-A6E5-F81E90AD4E67}.Release-MT|Win32.ActiveCfg = Release|x64
		{2BDB7A54-BB1A-476B-A6E5-F81E90AD4E67}.Release-MT|x64.ActiveCfg = Release|x64
		{2BDB7A54-BB1A-476B-A6E5-F81E90AD4E67}.Release-MT|x64.Build.0 = Release|x64
		{2BDB7A54-BB1A-476B-A6E5-F81E90AD4E67}.Release-MT|x86.ActiveCfg = Release|x64
		{2BDB7A54-BB1A-476B-A6E5-F81E90AD4E67}.ReleaseNvidia|Mixed Platforms.ActiveCfg = Release|x64
		{2BDB7A54-BB1A-476B-A6E5-F81E90AD4E67}.ReleaseNvidia|Mixed Platforms.Build.0 = Release|x64
		{2BDB7A54-BB1A-476B-A6E5-F81E90AD4E67}.ReleaseNvidia|Win32.ActiveCfg = Release|x64
		{2BDB7A54-BB1A-476B-A6E5-F81E90AD4E67}.ReleaseNvidia|x64.ActiveCfg = ReleaseNvidia|x64
		{2BDB7A54-BB1A-476B-A6E5-F81E90AD4E67}.ReleaseNvidia|x64.Build.0 = ReleaseNvidia|x64
		{2BDB7A54-BB1A-476B-A6E5-F81E90AD4E67}.ReleaseNvidia|x86.ActiveCfg = Release|x64
		{2BDB7A54-BB1A-476B-A6E5-F81E90AD4E67}.ReleaseWithoutAsm|Mixed Platforms.ActiveCfg = Release|x64
		{2BDB7A54-BB1A-476B-A6E5-F81E90AD4E67}.ReleaseWithoutAsm|Mixed Platforms.Build.0 = Release|x64
		{2BDB7A54-BB1A-476B-A6E5-F81E90AD4E67}.ReleaseWithoutAsm|Win32.ActiveCfg = Release|x64
		{2BDB7A54-BB1A-476B-A6E5-F81E90AD4E67}.ReleaseWithoutAsm|x64.ActiveCfg = Release|x64
		{2BDB7A54-BB1A-476B-A6E5-F81E90AD4E67}.ReleaseWithoutAsm|x64.Build.0 = Release|x64
		{2BDB7A54-BB1A-476B-A6E5-F81E90AD4E67}.ReleaseWithoutAsm|x86.ActiveCfg = Release|x64
		{320F611A-F9CE-4196-A8DC-FA24B2E8A320}.Debug Library|Mixed Platforms.ActiveCfg = Debug|x64
		{320F611A-F9CE-4196-A8DC-FA24B2E8A320}.Debug Library|Mixed Platforms.Build.0 = Debug|x64
		{320F611A-F9CE-4196-A8DC-FA24B2E8A320}.Debug Library|Win32.ActiveCfg = Debug|x64
		{320F611A-F9CE-4196-A8DC-FA24B2E8A320}.Debug Library|x64.ActiveCfg = Debug|x64
		{320F611A-F9CE-4196-A8DC-FA24B2E8A320}.Debug Library|x64.Build.0 = Debug|x64
		{320F611A-F9CE-4196-A8DC-FA24B2E8A320}.Debug Library|x86.ActiveCfg = Debug|x64
		{320F611A-F9CE-4196-A8DC-FA24B2E8A320}.Debug MX|Mixed Platforms.ActiveCfg = Debug|x64
		{320F611A-F9CE-4196-A8DC-FA24B2E8A320}.Debug MX|Mixed Platforms.Build.0 = Debug|x64
		{320F611A-F9CE-4196-A8DC-FA24B2E8A320}.Debug MX|Win32.ActiveCfg = Debug|x64
		{320F611A-F9CE-4196-A8DC-FA24B2E8A320}.Debug MX|x64.ActiveCfg = Debug|x64
		{320F611A-F9CE-4196-A8DC-FA24B2E8A320}.Debug MX|x64.Build.0 = Debug|x64
		{320F611A-F9CE-4196-A8DC-FA24B2E8A320}.Debug MX|x86.ActiveCfg = Debug|x64
		{320F611A-F9CE-4196-A8DC-FA24B2E8A320}.Debug|Mixed Platforms.ActiveCfg = Debug|x64
		{320F611A-F9CE-4196-A8DC-FA24B2E8A320}.Debug|Mixed Platforms.Build.0 = Debug|x64
		{320F611A-F9CE-4196-A8DC-FA24B2E8A320}.Debug|Win32.ActiveCfg = Debug|Win32
		{320F611A-F9CE-4196-A8DC-FA24B2E8A320}.Debug|Win32.Build.0 = Debug|Win32
		{320F611A-F9CE-4196-A8DC-FA24B2E8A320}.Debug|x64.ActiveCfg = Debug|x64
		{320F611A-F9CE-4196-A8DC-FA24B2E8A320}.Debug|x64.Build.0 = Debug|x64
		{320F611A-F9CE-4196-A8DC-FA24B2E8A320}.Debug|x86.ActiveCfg = Debug|x64
		{320F611A-F9CE-4196-A8DC-FA24B2E8A320}.Debug-MT|Mixed Platforms.ActiveCfg = Debug|x64
		{320F611A-F9CE-4196-A8DC-FA24B2E8A320}.Debug-MT|Mixed Platforms.Build.0 = Debug|x64
		{320F611A-F9CE-4196-A8DC-FA24B2E8A320}.Debug-MT|Win32.ActiveCfg = Debug|x64
		{320F611A-F9CE-4196-A8DC-FA24B2E8A320}.Debug-MT|x64.ActiveCfg = Debug|x64
		{320F611A-F9CE-4196-A8DC-FA24B2E8A320}.Debug-MT|x64.Build.0 = Debug|x64
		{320F611A-F9CE-4196-A8DC-FA24B2E8A320}.Debug-MT|x86.ActiveCfg = Debug|x64
		{320F611A-F9CE-4196-A8DC-FA24B2E8A320}.Release Library|Mixed Platforms.ActiveCfg = Release|x64
		{320F611A-F9CE-4196-A8DC-FA24B2E8A320}.Release Library|Mixed Platforms.Build.0 = Release|x64
		{320F611A-F9CE-4196-A8DC-FA24B2E8A320}.Release Library|Win32.ActiveCfg = Release|x64
		{320F611A-F9CE-4196-A8DC-FA24B2E8A320}.Release Library|x64.ActiveCfg = Release|x64
		{320F611A-F9CE-4196-A8DC-FA24B2E8A320}.Release Library|x64.Build.0 = Release|x64
		{320F611A-F9CE-4196-A8DC-FA24B2E8A320}.Release Library|x86.ActiveCfg = Release|x64
		{320F611A-F9CE-4196-A8DC-FA24B2E8A320}.Release MX|Mixed Platforms.ActiveCfg = Release|x64
		{320F611A-F9CE-4196-A8DC-FA24B2E8A320}.Release MX|Mixed Platforms.Build.0 = Release|x64
		{320F611A-F9CE-4196-A8DC-FA24B2E8A320}.Release MX|Win32.ActiveCfg = Release|x64
		{320F611A-F9CE-4196-A8DC-FA24B2E8A320}.Release MX|x64.ActiveCfg = Release|x64
		{320F611A-F9CE-4196-A8DC-FA24B2E8A320}.Release MX|x64.Build.0 = Release|x64
		{320F611A-F9CE-4196-A8DC-FA24B2E8A320}.Release MX|x86.ActiveCfg = Release|x64
		{320F611A-F9CE-4196-A8DC-FA24B2E8A320}.Release|Mixed Platforms.ActiveCfg = Release|x64
		{320F611A-F9CE-4196-A8DC-FA24B2E8A320}.Release|Mixed Platforms.Build.0 = Release|x64
		{320F611A-F9CE-4196-A8DC-FA24B2E8A320}.Release|Win32.ActiveCfg = Release|Win32
		{320F611A-F9CE-4196-A8DC-FA24B2E8A320}.Release|Win32.Build.0 = Release|Win32
		{320F611A-F9CE-4196-A8DC-FA24B2E8A320}.Release|x64.ActiveCfg = Release|x64
		{320F611A-F9CE-4196-A8DC-FA24B2E8A320}.Release|x64.Build.0 = Release|x64
		{320F611A-F9CE-4196-A8DC-FA24B2E8A320}.Release|x86.ActiveCfg = Release|x64
		{320F611A-F9CE-4196-A8DC-FA24B2E8A320}.Release-MT|Mixed Platforms.ActiveCfg = Release|x64
		{320F611A-F9CE-4196-A8DC-FA24B2E8A320}.Release-MT|Mixed Platforms.Build.0 = Release|x64
		{320F611A-F9CE-4196-A8DC-FA24B2E8A320}.Release-MT|Win32.ActiveCfg = Release|x64
		{320F611A-F9CE-4196-A8DC-FA24B2E8A320}.Release-MT|x64.ActiveCfg = Release|x64
		{320F611A-F9CE-4196-A8DC-FA24B2E8A320}.Release-MT|x64.Build.0 = Release|x64
		{320F611A-F9CE-4196-A8DC-FA24B2E8A320}.Release-MT|x86.ActiveCfg = Release|x64
		{320F611A-F9CE-4196-A8DC-FA24B2E8A320}.ReleaseNvidia|Mixed Platforms.ActiveCfg = Release|x64
		{320F611A-F9CE-4196-A8DC-FA24B2E8A320}.ReleaseNvidia|Mixed Platforms.Build.0 = Release|x64
		{320F611A-F9CE-4196-A8DC-FA24B2E8A320}.ReleaseNvidia|Win32.ActiveCfg = Release|x64
		{320F611A-F9CE-4196-A8DC-FA24B2E8A320}.ReleaseNvidia|x64.ActiveCfg = ReleaseNvidia|x64
		{320F611A-F9CE-4196-A8DC-FA24B2E8A320}.ReleaseNvidia|x64.Build.0 = ReleaseNvidia|x64
		{320F611A-F9CE-4196-A8DC-FA24B2E8A320}.ReleaseNvidia|x86.ActiveCfg = Release|x64
		{320F611A-F9CE-4196-A8DC-FA24B2E8A320}.ReleaseWithoutAsm|Mixed Platforms.ActiveCfg = Release|x64
		{320F611A-F9CE-4196-A8DC-FA24B2E8A320}.ReleaseWithoutAsm|Mixed Platforms.Build.0 = Release|x64
		{320F611A-F9CE-4196-A8DC-FA24B2E8A320}.ReleaseWithoutAsm|Win32.ActiveCfg = Release|x64
		{320F611A-F9CE-4196-A8DC-FA24B2E8A320}.ReleaseWithoutAsm|x64.ActiveCfg = Release|x64
		{320F611A-F9CE-4196-A8DC-FA24B2E8A320}.ReleaseWithoutAsm|x64.Build.0 = Release|x64
		{320F611A-F9CE-4196-A8DC-FA24B2E8A320}.ReleaseWithoutAsm|x86.ActiveCfg = Release|x64
		{6547D5FA-64CE-44BA-9D3C-B6E217456445}.Debug Library|Mixed Platforms.ActiveCfg = Debug|x64
		{6547D5FA-64CE-44BA-9D3C-B6E217456445}.Debug Library|Mixed Platforms.Build.0 = Debug|x64
		{6547D5FA-64CE-44BA-9D3C-B6E217456445}.Debug Library|Win32.ActiveCfg = Debug|x64
		{6547D5FA-64CE-44BA-9D3C-B6E217456445}.Debug Library|x64.ActiveCfg = Debug|x64
		{6547D5FA-64CE-44BA-9D3C-B6E217456445}.Debug Library|x64.Build.0 = Debug|x64
		{6547D5FA-64CE-44BA-9D3C-B6E217456445}.Debug Library|x86.ActiveCfg = Debug|x64
		{6547D5FA-64CE-44BA-9D3C-B6E217456445}.Debug MX|Mixed Platforms.ActiveCfg = Debug|x64
		{6547D5FA-64CE-44BA-9D3C-B6E217456445}.Debug MX|Mixed Platforms.Build.0 = Debug|x64
		{6547D5FA-64CE-44BA-9D3C-B6E217456445}.Debug MX|Win32.ActiveCfg = Debug|x64
		{6547D5FA-64CE-44BA-9D3C-B6E217456445}.Debug MX|x64.ActiveCfg = Debug|x64
		{6547D5FA-64CE-44BA-9D3C-B6E217456445}.Debug MX|x64.Build.0 = Debug|x64
		{6547D5FA-64CE-44BA-9D3C-B6E217456445}.Debug MX|x86.ActiveCfg = Debug|x64
		{6547D5FA-64CE-44BA-9D3C-B6E217456445}.Debug|Mixed Platforms.ActiveCfg = Debug|x64
		{6547D5FA-64CE-44BA-9D3C-B6E217456445}.Debug|Mixed Platforms.Build.0 = Debug|x64
		{6547D5FA-64CE-44BA-9D3C-B6E217456445}.Debug|Win32.ActiveCfg = Debug|Win32
		{6547D5FA-64CE-44BA-9D3C-B6E217456445}.Debug|Win32.Build.0 = Debug|Win32
		{6547D5FA-64CE-44BA-9D3C-B6E217456445}.Debug|x64.ActiveCfg = Debug|x64
		{6547D5FA-64CE-44BA-9D3C-B6E217456445}.Debug|x64.Build.0 = Debug|x64
		{6547D5FA-64CE-44BA-9D3C-B6E217456445}.Debug|x86.ActiveCfg = Debug|x64
		{6547D5FA-64CE-44BA-9D3C-B6E217456445}.Debug-MT|Mixed Platforms.ActiveCfg = Debug|x64
		{6547D5FA-64CE-44BA-9D3C-B6E217456445}.Debug-MT|Mixed Platforms.Build.0 = Debug|x64
		{6547D5FA-64CE-44BA-9D3C-B6E217456445}.Debug-MT|Win32.ActiveCfg = Debug|x64
		{6547D5FA-64CE-44BA-9D3C-B6E217456445}.Debug-MT|x64.ActiveCfg = Debug|x64
		{6547D5FA-64CE-44BA-9D3C-B6E217456445}.Debug-MT|x64.Build.0 = Debug|x64
		{6547D5FA-64CE-44BA-9D3C-B6E217456445}.Debug-MT|x86.ActiveCfg = Debug|x64
		{6547D5FA-64CE-44BA-9D3C-B6E217456445}.Release Library|Mixed Platforms.ActiveCfg = Release|x64
		{6547D5FA-64CE-44BA-9D3C-B6E217456445}.Release Library|Mixed Platforms.Build.0 = Release|x64
		{6547D5FA-64CE-44BA-9D3C-B6E217456445}.Release Library|Win32.ActiveCfg = Release|x64
		{6547D5FA-64CE-44BA-9D3C-B6E217456445}.Release Library|x64.ActiveCfg = Release|x64
		{6547D5FA-64CE-44BA-9D3C-B6E217456445}.Release Library|x64.Build.0 = Release|x64
		{6547D5FA-64CE-44BA-9D3C-B6E217456445}.Release Library|x86.ActiveCfg = Release|x64
		{6547D5FA-64CE-44BA-9D3C-B6E217456445}.Release MX|Mixed Platforms.ActiveCfg = Release|x64
		{6547D5FA-64CE-44BA-9D3C-B6E217456445}.Release MX|Mixed Platforms.Build.0 = Release|x64
		{6547D5FA-64CE-44BA-9D3C-B6E217456445}.Release MX|Win32.ActiveCfg = Release|x64
		{6547D5FA-64CE-44BA-9D3C-B6E217456445}.Release MX|x64.ActiveCfg = Release|x64
		{6547D5FA-64CE-44BA-9D3C-B6E217456445}.Release MX|x64.Build.0 = Release|x64
		{6547D5FA-64CE-44BA-9D3C-B6E217456445}.Release MX|x86.ActiveCfg = Release|x64
		{6547D5FA-64CE-44BA-9D3C-B6E217456445}.Release|Mixed Platforms.ActiveCfg = Release|x64
		{6547D5FA-64CE-44BA-9D3C-B6E217456445}.Release|Mixed Platforms.Build.0 = Release|x64
		{6547D5FA-64CE-44BA-9D3C-B6E217456445}.Release|Win32.ActiveCfg = Release|Win32
		{6547D5FA-64CE-44BA-9D3C-B6E217456445}.Release|Win32.Build.0 = Release|Win32
		{6547D5FA-64CE-44BA-9D3C-B6E217456445}.Release|x64.ActiveCfg = Release|x64
		{6547D5FA-64CE-44BA-9D3C-B6E217456445}.Release|x64.Build.0 = Release|x64
		{6547D5FA-64CE-44BA-9D3C-B6E217456445}.Release|x86.ActiveCfg = Release|x64
		{6547D5FA-64CE-44BA-9D3C-B6E217456445}.Release-MT|Mixed Platforms.ActiveCfg = Release|x64
		{6547D5FA-64CE-44BA-9D3C-B6E217456445}.Release-MT|Mixed Platforms.Build.0 = Release|x64
		{6547D5FA-64CE-44BA-9D3C-B6E217456445}.Release-MT|Win32.ActiveCfg = Release|x64
		{6547D5FA-64CE-44BA-9D3C-B6E217456445}.Release-MT|x64.ActiveCfg = Release|x64
		{6547D5FA-64CE-44BA-9D3C-B6E217456445}.Release-MT|x64.Build.0 = Release|x64
		{6547D5FA-64CE-44BA-9D3C-B6E217456445}.Release-MT|x86.ActiveCfg = Release|x64
		{6547D5FA-64CE-44BA-9D3C-B6E217456445}.ReleaseNvidia|Mixed Platforms.ActiveCfg = Release|x64
		{6547D5FA-64CE-44BA-9D3C-B6E217456445}.ReleaseNvidia|Mixed Platforms.Build.0 = Release|x64
		{6547D5FA-64CE-44BA-9D3C-B6E217456445}.ReleaseNvidia|Win32.ActiveCfg = Release|x64
		{6547D5FA-64CE-44BA-9D3C-B6E217456445}.ReleaseNvidia|x64.ActiveCfg = ReleaseNvidia|x64
		{6547D5FA-64CE-44BA-9D3C-B6E217456445}.ReleaseNvidia|x64.Build.0 = ReleaseNvidia|x64
		{6547D5FA-64CE-44BA-9D3C-B6E217456445}.ReleaseNvidia|x86.ActiveCfg = Release|x64
		{6547D5FA-64CE-44BA-9D3C-B6E217456445}.ReleaseWithoutAsm|Mixed Platforms.ActiveCfg = Release|x64
		{6547D5FA-64CE-44BA-9D3C-B6E217456445}.ReleaseWithoutAsm|Mixed Platforms.Build.0 = Release|x64
		{6547D5FA-64CE-44BA-9D3C-B6E217456445}.ReleaseWithoutAsm|Win32.ActiveCfg = Release|x64
		{6547D5FA-64CE-44BA-9D3C-B6E217456445}.ReleaseWithoutAsm|x64.ActiveCfg = Release|x64
		{6547D5FA-64CE-44BA-9D3C-B6E217456445}.ReleaseWithoutAsm|x64.Build.0 = Release|x64
		{6547D5FA-64CE-44BA-9D3C-B6E217456445}.ReleaseWithoutAsm|x86.ActiveCfg = Release|x64
		{4A191F4C-03AC-4F1B-AFFD-F5483ECEBD29}.Debug Library|Mixed Platforms.ActiveCfg = Debug|x64
		{4A191F4C-03AC-4F1B-AFFD-F5483ECEBD29}.Debug Library|Mixed Platforms.Build.0 = Debug|x64
		{4A191F4C-03AC-4F1B-AFFD-F5483ECEBD29}.Debug Library|Win32.ActiveCfg = Debug|x64
		{4A191F4C-03AC-4F1B-AFFD-F5483ECEBD29}.Debug Library|x64.ActiveCfg = Debug|x64
		{4A191F4C-03AC-4F1B-AFFD-F5483ECEBD29}.Debug Library|x64.Build.0 = Debug|x64
		{4A191F4C-03AC-4F1B-AFFD-F5483ECEBD29}.Debug Library|x86.ActiveCfg = Debug|x64
		{4A191F4C-03AC-4F1B-AFFD-F5483ECEBD29}.Debug MX|Mixed Platforms.ActiveCfg = Debug|x64
		{4A191F4C-03AC-4F1B-AFFD-F5483ECEBD29}.Debug MX|Mixed Platforms.Build.0 = Debug|x64
		{4A191F4C-03AC-4F1B-AFFD-F5483ECEBD29}.Debug MX|Win32.ActiveCfg = Debug|x64
		{4A191F4C-03AC-4F1B-AFFD-F5483ECEBD29}.Debug MX|x64.ActiveCfg = Debug|x64
		{4A191F4C-03AC-4F1B-AFFD-F5483ECEBD29}.Debug MX|x64.Build.0 = Debug|x64
		{4A191F4C-03AC-4F1B-AFFD-F5483ECEBD29}.Debug MX|x86.ActiveCfg = Debug|x64
		{4A191F4C-03AC-4F1B-AFFD-F5483ECEBD29}.Debug|Mixed Platforms.ActiveCfg = Debug|x64
		{4A191F4C-03AC-4F1B-AFFD-F5483ECEBD29}.Debug|Mixed Platforms.Build.0 = Debug|x64
		{4A191F4C-03AC-4F1B-AFFD-F5483ECEBD29}.Debug|Win32.ActiveCfg = Debug|Win32
		{4A191F4C-03AC-4F1B-AFFD-F5483ECEBD29}.Debug|Win32.Build.0 = Debug|Win32
		{4A191F4C-03AC-4F1B-AFFD-F5483ECEBD29}.Debug|x64.ActiveCfg = Debug|x64
		{4A191F4C-03AC-4F1B-AFFD-F5483ECEBD29}.Debug|x64.Build.0 = Debug|x64
		{4A191F4C-03AC-4F1B-AFFD-F5483ECEBD29}.Debug|x86.ActiveCfg = Debug|x64
		{4A191F4C-03AC-4F1B-AFFD-F5483ECEBD29}.Debug-MT|Mixed Platforms.ActiveCfg = Debug|x64
		{4A191F4C-03AC-4F1B-AFFD-F5483ECEBD29}.Debug-MT|Mixed Platforms.Build.0 = Debug|x64
		{4A191F4C-03AC-4F1B-AFFD-F5483ECEBD29}.Debug-MT|Win32.ActiveCfg = Debug|x64
		{4A191F4C-03AC-4F1B-AFFD-F5483ECEBD29}.Debug-MT|x64.ActiveCfg = Debug|x64
		{4A191F4C-03AC-4F1B-AFFD-F5483ECEBD29}.Debug-MT|x64.Build.0 = Debug|x64
		{4A191F4C-03AC-4F1B-AFFD-F5483ECEBD29}.Debug-MT|x86.ActiveCfg = Debug|x64
		{4A191F4C-03AC-4F1B-AFFD-F5483ECEBD29}.Release Library|Mixed Platforms.ActiveCfg = Release|x64
		{4A191F4C-03AC-4F1B-AFFD-F5483ECEBD29}.Release Library|Mixed Platforms.Build.0 = Release|x64
		{4A191F4C-03AC-4F1B-AFFD-F5483ECEBD29}.Release Library|Win32.ActiveCfg = Release|x64
		{4A191F4C-03AC-4F1B-AFFD-F5483ECEBD29}.Release Library|x64.ActiveCfg = Release|x64
		{4A191F4C-03AC-4F1B-AFFD-F5483ECEBD29}.Release Library|x64.Build.0 = Release|x64
		{4A191F4C-03AC-4F1B-AFFD-F5483ECEBD29}.Release Library|x86.ActiveCfg = Release|x64
		{4A191F4C-03AC-4F1B-AFFD-F5483ECEBD29}.Release MX|Mixed Platforms.ActiveCfg = Release|x64
		{4A191F4C-03AC-4F1B-AFFD-F5483ECEBD29}.Release MX|Mixed Platforms.Build.0 = Release|x64
		{4A191F4C-03AC-4F1B-AFFD-F5483ECEBD29}.Release MX|Win32.ActiveCfg = Release|x64
		{4A191F4C-03AC-4F1B-AFFD-F5483ECEBD29}.Release MX|x64.ActiveCfg = Release|x64
		{4A191F4C-03AC-4F1B-AFFD-F5483ECEBD29}.Release MX|x64.Build.0 = Release|x64
		{4A191F4C-03AC-4F1B-AFFD-F5483ECEBD29}.Release MX|x86.ActiveCfg = Release|x64
		{4A191F4C-03AC-4F1B-AFFD-F5483ECEBD29}.Release|Mixed Platforms.ActiveCfg = Release|x64
		{4A191F4C-03AC-4F1B-AFFD-F5483ECEBD29}.Release|Mixed Platforms.Build.0 = Release|x64
		{4A191F4C-03AC-4F1B-AFFD-F5483ECEBD29}.Release|Win32.ActiveCfg = Release|Win32
		{4A191F4C-03AC-4F1B-AFFD-F5483ECEBD29}.Release|Win32.Build.0 = Release|Win32
		{4A191F4C-03AC-4F1B-AFFD-F5483ECEBD29}.Release|x64.ActiveCfg = Release|x64
		{4A191F4C-03AC-4F1B-AFFD-F5483ECEBD29}.Release|x64.Build.0 = Release|x64
		{4A191F4C-03AC-4F1B-AFFD-F5483ECEBD29}.Release|x86.ActiveCfg = Release|x64
		{4A191F4C-03AC-4F1B-AFFD-F5483ECEBD29}.Release-MT|Mixed Platforms.ActiveCfg = Release|x64
		{4A191F4C-03AC-4F1B-AFFD-F5483ECEBD29}.Release-MT|Mixed Platforms.Build.0 = Release|x64
		{4A191F4C-03AC-4F1B-AFFD-F5483ECEBD29}.Release-MT|Win32.ActiveCfg = Release|x64
		{4A191F4C-03AC-4F1B-AFFD-F5483ECEBD29}.Release-MT|x64.ActiveCfg = Release|x64
		{4A191F4C-03AC-4F1B-AFFD-F5483ECEBD29}.Release-MT|x64.Build.0 = Release|x64
		{4A191F4C-03AC-4F1B-AFFD-F5483ECEBD29}.Release-MT|x86.ActiveCfg = Release|x64
		{4A191F4C-03AC-4F1B-AFFD-F5483ECEBD29}.ReleaseNvidia|Mixed Platforms.ActiveCfg = Release|x64
		{4A191F4C-03AC-4F1B-AFFD-F5483ECEBD29}.ReleaseNvidia|Mixed Platforms.Build.0 = Release|x64
		{4A191F4C-03AC-4F1B-AFFD-F5483ECEBD29}.ReleaseNvidia|Win32.ActiveCfg = Release|x64
		{4A191F4C-03AC-4F1B-AFFD-F5483ECEBD29}.ReleaseNvidia|x64.ActiveCfg = ReleaseNvidia|x64
		{4A191F4C-03AC-4F1B-AFFD-F5483ECEBD29}.ReleaseNvidia|x64.Build.0 = ReleaseNvidia|x64
		{4A191F4C-03AC-4F1B-AFFD-F5483ECEBD29}.ReleaseNvidia|x86.ActiveCfg = Release|x64
		{4A191F4C-03AC-4F1B-AFFD-F5483ECEBD29}.ReleaseWithoutAsm|Mixed Platforms.ActiveCfg = Release|x64
		{4A191F4C-03AC-4F1B-AFFD-F5483ECEBD29}.ReleaseWithoutAsm|Mixed Platforms.Build.0 = Release|x64
		{4A191F4C-03AC-4F1B-AFFD-F5483ECEBD29}.ReleaseWithoutAsm|Win32.ActiveCfg = Release|x64
		{4A191F4C-03AC-4F1B-AFFD-F5483ECEBD29}.ReleaseWithoutAsm|x64.ActiveCfg = Release|x64
		{4A191F4C-03AC-4F1B-AFFD-F5483ECEBD29}.ReleaseWithoutAsm|x64.Build.0 = Release|x64
		{4A191F4C-03AC-4F1B-AFFD-F5483ECEBD29}.ReleaseWithoutAsm|x86.ActiveCfg = Release|x64
		{35285FCF-6FA8-410E-841B-70AE744D38B8}.Debug Library|Mixed Platforms.ActiveCfg = Debug|x64
		{35285FCF-6FA8-410E-841B-70AE744D38B8}.Debug Library|Mixed Platforms.Build.0 = Debug|x64
		{35285FCF-6FA8-410E-841B-70AE744D38B8}.Debug Library|Win32.ActiveCfg = Debug|x64
		{35285FCF-6FA8-410E-841B-70AE744D38B8}.Debug Library|x64.ActiveCfg = Debug|x64
		{35285FCF-6FA8-410E-841B-70AE744D38B8}.Debug Library|x64.Build.0 = Debug|x64
		{35285FCF-6FA8-410E-841B-70AE744D38B8}.Debug Library|x86.ActiveCfg = Debug|x64
		{35285FCF-6FA8-410E-841B-70AE744D38B8}.Debug MX|Mixed Platforms.ActiveCfg = Debug|x64
		{35285FCF-6FA8-410E-841B-70AE744D38B8}.Debug MX|Mixed Platforms.Build.0 = Debug|x64
		{35285FCF-6FA8-410E-841B-70AE744D38B8}.Debug MX|Win32.ActiveCfg = Debug|x64
		{35285FCF-6FA8-410E-841B-70AE744D38B8}.Debug MX|x64.ActiveCfg = Debug|x64
		{35285FCF-6FA8-410E-841B-70AE744D38B8}.Debug MX|x64.Build.0 = Debug|x64
		{35285FCF-6FA8-410E-841B-70AE744D38B8}.Debug MX|x86.ActiveCfg = Debug|x64
		{35285FCF-6FA8-410E-841B-70AE744D38B8}.Debug|Mixed Platforms.ActiveCfg = Debug|x64
		{35285FCF-6FA8-410E-841B-70AE744D38B8}.Debug|Mixed Platforms.Build.0 = Debug|x64
		{35285FCF-6FA8-410E-841B-70AE744D38B8}.Debug|Win32.ActiveCfg = Debug|Win32
		{35285FCF-6FA8-410E-841B-70AE744D38B8}.Debug|Win32.Build.0 = Debug|Win32
		{35285FCF-6FA8-410E-841B-70AE744D38B8}.Debug|x64.ActiveCfg = Debug|x64
		{35285FCF-6FA8-410E-841B-70AE744D38B8}.Debug|x64.Build.0 = Debug|x64
		{35285FCF-6FA8-410E-841B-70AE744D38B8}.Debug|x86.ActiveCfg = Debug|x64
		{35285FCF-6FA8-410E-841B-70AE744D38B8}.Debug-MT|Mixed Platforms.ActiveCfg = Debug|x64
		{35285FCF-6FA8-410E-841B-70AE744D38B8}.Debug-MT|Mixed Platforms.Build.0 = Debug|x64
		{35285FCF-6FA8-410E-841B-70AE744D38B8}.Debug-MT|Win32.ActiveCfg = Debug|x64
		{35285FCF-6FA8-410E-841B-70AE744D38B8}.Debug-MT|x64.ActiveCfg = Debug|x64
		{35285FCF-6FA8-410E-841B-70AE744D38B8}.Debug-MT|x64.Build.0 = Debug|x64
		{35285FCF-6FA8-410E-841B-70AE744D38B8}.Debug-MT|x86.ActiveCfg = Debug|x64
		{35285FCF-6FA8-410E-841B-70AE744D38B8}.Release Library|Mixed Platforms.ActiveCfg = Release|x64
		{35285FCF-6FA8-410E-841B-70AE744D38B8}.Release Library|Mixed Platforms.Build.0 = Release|x64
		{35285FCF-6FA8-410E-841B-70AE744D38B8}.Release Library|Win32.ActiveCfg = Release|x64
		{35285FCF-6FA8-410E-841B-70AE744D38B8}.Release Library|x64.ActiveCfg = Release|x64
		{35285FCF-6FA8-410E-841B-70AE744D38B8}.Release Library|x64.Build.0 = Release|x64
		{35285FCF-6FA8-410E-841B-70AE744D38B8}.Release Library|x86.ActiveCfg = Release|x64
		{35285FCF-6FA8-410E-841B-70AE744D38B8}.Release MX|Mixed Platforms.ActiveCfg = Release|x64
		{35285FCF-6FA8-410E-841B-70AE744D38B8}.Release MX|Mixed Platforms.Build.0 = Release|x64
		{35285FCF-6FA8-410E-841B-70AE744D38B8}.Release MX|Win32.ActiveCfg = Release|x64
		{35285FCF-6FA8-410E-841B-70AE744D38B8}.Release MX|x64.ActiveCfg = Release|x64
		{35285FCF-6FA8-410E-841B-70AE744D38B8}.Release MX|x64.Build.0 = Release|x64
		{35285FCF-6FA8-410E-841B-70AE744D38B8}.Release MX|x86.ActiveCfg = Release|x64
		{35285FCF-6FA8-410E-841B-70AE744D38B8}.Release|Mixed Platforms.ActiveCfg = Release|x64
		{35285FCF-6FA8-410E-841B-70AE744D38B8}.Release|Mixed Platforms.Build.0 = Release|x64
		{35285FCF-6FA8-410E-841B-70AE744D38B8}.Release|Win32.ActiveCfg = Release|Win32
		{35285FCF-6FA8-410E-841B-70AE744D38B8}.Release|Win32.Build.0 = Release|Win32
		{35285FCF-6FA8-410E-841B-70AE744D38B8}.Release|x64.ActiveCfg = Release|x64
		{35285FCF-6FA8-410E-841B-70AE744D38B8}.Release|x64.Build.0 = Release|x64
		{35285FCF-6FA8-410E-841B-70AE744D38B8}.Release|x86.ActiveCfg = Release|x64
		{35285FCF-6FA8-410E-841B-70AE744D38B8}.Release-MT|Mixed Platforms.ActiveCfg = Release|x64
		{35285FCF-6FA8-410E-841B-70AE744D38B8}.Release-MT|Mixed Platforms.Build.0 = Release|x64
		{35285FCF-6FA8-410E-841B-70AE744D38B8}.Release-MT|Win32.ActiveCfg = Release|x64
		{35285FCF-6FA8-410E-841B-70AE744D38B8}.Release-MT|x64.ActiveCfg = Release|x64
		{35285FCF-6FA8-410E-841B-70AE744D38B8}.Release-MT|x64.Build.0 = Release|x64
		{35285FCF-6FA8-410E-841B-70AE744D38B8}.Release-MT|x86.ActiveCfg = Release|x64
		{35285FCF-6FA8-410E-841B-70AE744D38B8}.ReleaseNvidia|Mixed Platforms.ActiveCfg = Release|x64
		{35285FCF-6FA8-410E-841B-70AE744D38B8}.ReleaseNvidia|Mixed Platforms.Build.0 = Release|x64
		{35285FCF-6FA8-410E-841B-70AE744D38B8}.ReleaseNvidia|Win32.ActiveCfg = Release|x64
		{35285FCF-6FA8-410E-841B-70AE744D38B8}.ReleaseNvidia|x64.ActiveCfg = ReleaseNvidia|x64
		{35285FCF-6FA8-410E-841B-70AE744D38B8}.ReleaseNvidia|x64.Build.0 = ReleaseNvidia|x64
		{35285FCF-6FA8-410E-841B-70AE744D38B8}.ReleaseNvidia|x86.ActiveCfg = Release|x64
		{35285FCF-6FA8-410E-841B-70AE744D38B8}.ReleaseWithoutAsm|Mixed Platforms.ActiveCfg = Release|x64
		{35285FCF-6FA8-410E-841B-70AE744D38B8}.ReleaseWithoutAsm|Mixed Platforms.Build.0 = Release|x64
		{35285FCF-6FA8-410E-841B-70AE744D38B8}.ReleaseWithoutAsm|Win32.ActiveCfg = Release|x64
		{35285FCF-6FA8-410E-841B-70AE744D38B8}.ReleaseWithoutAsm|x64.ActiveCfg = Release|x64
		{35285FCF-6FA8-410E-841B-70AE744D38B8}.ReleaseWithoutAsm|x64.Build.0 = Release|x64
		{35285FCF-6FA8-410E-841B-70AE744D38B8}.ReleaseWithoutAsm|x86.ActiveCfg = Release|x64
		{7930CAAC-9FC4-4202-B6A3-E760F73F88B7}.Debug Library|Mixed Platforms.ActiveCfg = Debug|x64
		{7930CAAC-9FC4-4202-B6A3-E760F73F88B7}.Debug Library|Mixed Platforms.Build.0 = Debug|x64
		{7930CAAC-9FC4-4202-B6A3-E760F73F88B7}.Debug Library|Win32.ActiveCfg = Debug|x64
		{7930CAAC-9FC4-4202-B6A3-E760F73F88B7}.Debug Library|x64.ActiveCfg = Debug|x64
		{7930CAAC-9FC4-4202-B6A3-E760F73F88B7}.Debug Library|x64.Build.0 = Debug|x64
		{7930CAAC-9FC4-4202-B6A3-E760F73F88B7}.Debug Library|x86.ActiveCfg = Debug|x64
		{7930CAAC-9FC4-4202-B6A3-E760F73F88B7}.Debug MX|Mixed Platforms.ActiveCfg = Debug|x64
		{7930CAAC-9FC4-4202-B6A3-E760F73F88B7}.Debug MX|Mixed Platforms.Build.0 = Debug|x64
		{7930CAAC-9FC4-4202-B6A3-E760F73F88B7}.Debug MX|Win32.ActiveCfg = Debug|x64
		{7930CAAC-9FC4-4202-B6A3-E760F73F88B7}.Debug MX|x64.ActiveCfg = Debug|x64
		{7930CAAC-9FC4-4202-B6A3-E760F73F88B7}.Debug MX|x64.Build.0 = Debug|x64
		{7930CAAC-9FC4-4202-B6A3-E760F73F88B7}.Debug MX|x86.ActiveCfg = Debug|x64
		{7930CAAC-9FC4-4202-B6A3-E760F73F88B7}.Debug|Mixed Platforms.ActiveCfg = Debug|x64
		{7930CAAC-9FC4-4202-B6A3-E760F73F88B7}.Debug|Mixed Platforms.Build.0 = Debug|x64
		{7930CAAC-9FC4-4202-B6A3-E760F73F88B7}.Debug|Win32.ActiveCfg = Debug|Win32
		{7930CAAC-9FC4-4202-B6A3-E760F73F88B7}.Debug|Win32.Build.0 = Debug|Win32
		{7930CAAC-9FC4-4202-B6A3-E760F73F88B7}.Debug|x64.ActiveCfg = Debug|x64
		{7930CAAC-9FC4-4202-B6A3-E760F73F88B7}.Debug|x64.Build.0 = Debug|x64
		{7930CAAC-9FC4-4202-B6A3-E760F73F88B7}.Debug|x86.ActiveCfg = Debug|x64
		{7930CAAC-9FC4-4202-B6A3-E760F73F88B7}.Debug-MT|Mixed Platforms.ActiveCfg = Debug|x64
		{7930CAAC-9FC4-4202-B6A3-E760F73F88B7}.Debug-MT|Mixed Platforms.Build.0 = Debug|x64
		{7930CAAC-9FC4-4202-B6A3-E760F73F88B7}.Debug-MT|Win32.ActiveCfg = Debug|x64
		{7930CAAC-9FC4-4202-B6A3-E760F73F88B7}.Debug-MT|x64.ActiveCfg = Debug|x64
		{7930CAAC-9FC4-4202-B6A3-E760F73F88B7}.Debug-MT|x64.Build.0 = Debug|x64
		{7930CAAC-9FC4-4202-B6A3-E760F73F88B7}.Debug-MT|x86.ActiveCfg = Debug|x64
		{7930CAAC-9FC4-4202-B6A3-E760F73F88B7}.Release Library|Mixed Platforms.ActiveCfg = Release|x64
		{7930CAAC-9FC4-4202-B6A3-E760F73F88B7}.Release Library|Mixed Platforms.Build.0 = Release|x64
		{7930CAAC-9FC4-4202-B6A3-E760F73F88B7}.Release Library|Win32.ActiveCfg = Release|x64
		{7930CAAC-9FC4-4202-B6A3-E760F73F88B7}.Release Library|x64.ActiveCfg = Release|x64
		{7930CAAC-9FC4-4202-B6A3-E760F73F88B7}.Release Library|x64.Build.0 = Release|x64
		{7930CAAC-9FC4-4202-B6A3-E760F73F88B7}.Release Library|x86.ActiveCfg = Release|x64
		{7930CAAC-9FC4-4202-B6A3-E760F73F88B7}.Release MX|Mixed Platforms.ActiveCfg = Release|x64
		{7930CAAC-9FC4-4202-B6A3-E760F73F88B7}.Release MX|Mixed Platforms.Build.0 = Release|x64
		{7930CAAC-9FC4-4202-B6A3-E760F73F88B7}.Release MX|Win32.ActiveCfg = Release|x64
		{7930CAAC-9FC4-4202-B6A3-E760F73F88B7}.Release MX|x64.ActiveCfg = Release|x64
		{7930CAAC-9FC4-4202-B6A3-E760F73F88B7}.Release MX|x64.Build.0 = Release|x64
		{7930CAAC-9FC4-4202-B6A3-E760F73F88B7}.Release MX|x86.ActiveCfg = Release|x64
		{7930CAAC-9FC4-4202-B6A3-E760F73F88B7}.Release|Mixed Platforms.ActiveCfg = Release|x64
		{7930CAAC-9FC4-4202-B6A3-E760F73F88B7}.Release|Mixed Platforms.Build.0 = Release|x64
		{7930CAAC-9FC4-4202-B6A3-E760F73F88B7}.Release|Win32.ActiveCfg = Release|Win32
		{7930CAAC-9FC4-4202-B6A3-E760F73F88B7}.Release|Win32.Build.0 = Release|Win32
		{7930CAAC-9FC4-4202-B6A3-E760F73F88B7}.Release|x64.ActiveCfg = Release|x64
		{7930CAAC-9FC4-4202-B6A3-E760F73F88B7}.Release|x64.Build.0 = Release|x64
		{7930CAAC-9FC4-4202-B6A3-E760F73F88B7}.Release|x86.ActiveCfg = Release|x64
		{7930CAAC-9FC4-4202-B6A3-E760F73F88B7}.Release-MT|Mixed Platforms.ActiveCfg = Release|x64
		{7930CAAC-9FC4-4202-B6A3-E760F73F88B7}.Release-MT|Mixed Platforms.Build.0 = Release|x64
		{7930CAAC-9FC4-4202-B6A3-E760F73F88B7}.Release-MT|Win32.ActiveCfg = Release|x64
		{7930CAAC-9FC4-4202-B6A3-E760F73F88B7}.Release-MT|x64.ActiveCfg = Release|x64
		{7930CAAC-9FC4-4202-B6A3-E760F73F88B7}.Release-MT|x64.Build.0 = Release|x64
		{7930CAAC-9FC4-4202-B6A3-E760F73F88B7}.Release-MT|x86.ActiveCfg = Release|x64
		{7930CAAC-9FC4-4202-B6A3-E760F73F88B7}.ReleaseNvidia|Mixed Platforms.ActiveCfg = Release|x64
		{7930CAAC-9FC4-4202-B6A3-E760F73F88B7}.ReleaseNvidia|Mixed Platforms.Build.0 = Release|x64
		{7930CAAC-9FC4-4202-B6A3-E760F73F88B7}.ReleaseNvidia|Win32.ActiveCfg = Release|x64
		{7930CAAC-9FC4-4202-B6A3-E760F73F88B7}.ReleaseNvidia|x64.ActiveCfg = ReleaseNvidia|x64
		{7930CAAC-9FC4-4202-B6A3-E760F73F88B7}.ReleaseNvidia|x64.Build.0 = ReleaseNvidia|x64
		{7930CAAC-9FC4-4202-B6A3-E760F73F88B7}.ReleaseNvidia|x86.ActiveCfg = Release|x64
		{7930CAAC-9FC4-4202-B6A3-E760F73F88B7}.ReleaseWithoutAsm|Mixed Platforms.ActiveCfg = Release|x64
		{7930CAAC-9FC4-4202-B6A3-E760F73F88B7}.ReleaseWithoutAsm|Mixed Platforms.Build.0 = Release|x64
		{7930CAAC-9FC4-4202-B6A3-E760F73F88B7}.ReleaseWithoutAsm|Win32.ActiveCfg = Release|x64
		{7930CAAC-9FC4-4202-B6A3-E760F73F88B7}.ReleaseWithoutAsm|x64.ActiveCfg = Release|x64
		{7930CAAC-9FC4-4202-B6A3-E760F73F88B7}.ReleaseWithoutAsm|x64.Build.0 = Release|x64
		{7930CAAC-9FC4-4202-B6A3-E760F73F88B7}.ReleaseWithoutAsm|x86.ActiveCfg = Release|x64
		{F6A9102C-69A9-48FB-BC4B-49E49AF43236}.Debug Library|Mixed Platforms.ActiveCfg = Debug|x64
		{F6A9102C-69A9-48FB-BC4B-49E49AF43236}.Debug Library|Mixed Platforms.Build.0 = Debug|x64
		{F6A9102C-69A9-48FB-BC4B-49E49AF43236}.Debug Library|Win32.ActiveCfg = Debug|x64
		{F6A9102C-69A9-48FB-BC4B-49E49AF43236}.Debug Library|x64.ActiveCfg = Debug|x64
		{F6A9102C-69A9-48FB-BC4B-49E49AF43236}.Debug Library|x64.Build.0 = Debug|x64
		{F6A9102C-69A9-48FB-BC4B-49E49AF43236}.Debug Library|x86.ActiveCfg = Debug|x64
		{F6A9102C-69A9-48FB-BC4B-49E49AF43236}.Debug MX|Mixed Platforms.ActiveCfg = Debug|x64
		{F6A9102C-69A9-48FB-BC4B-49E49AF43236}.Debug MX|Mixed Platforms.Build.0 = Debug|x64
		{F6A9102C-69A9-48FB-BC4B-49E49AF43236}.Debug MX|Win32.ActiveCfg = Debug|x64
		{F6A9102C-69A9-48FB-BC4B-49E49AF43236}.Debug MX|x64.ActiveCfg = Debug|x64
		{F6A9102C-69A9-48FB-BC4B-49E49AF43236}.Debug MX|x64.Build.0 = Debug|x64
		{F6A9102C-69A9-48FB-BC4B-49E49AF43236}.Debug MX|x86.ActiveCfg = Debug|x64
		{F6A9102C-69A9-48FB-BC4B-49E49AF43236}.Debug|Mixed Platforms.ActiveCfg = Debug|x64
		{F6A9102C-69A9-48FB-BC4B-49E49AF43236}.Debug|Mixed Platforms.Build.0 = Debug|x64
		{F6A9102C-69A9-48FB-BC4B-49E49AF43236}.Debug|Win32.ActiveCfg = Debug|Win32
		{F6A9102C-69A9-48FB-BC4B-49E49AF43236}.Debug|Win32.Build.0 = Debug|Win32
		{F6A9102C-69A9-48FB-BC4B-49E49AF43236}.Debug|x64.ActiveCfg = Debug|x64
		{F6A9102C-69A9-48FB-BC4B-49E49AF43236}.Debug|x64.Build.0 = Debug|x64
		{F6A9102C-69A9-48FB-BC4B-49E49AF43236}.Debug|x86.ActiveCfg = Debug|x64
		{F6A9102C-69A9-48FB-BC4B-49E49AF43236}.Debug-MT|Mixed Platforms.ActiveCfg = Debug|x64
		{F6A9102C-69A9-48FB-BC4B-49E49AF43236}.Debug-MT|Mixed Platforms.Build.0 = Debug|x64
		{F6A9102C-69A9-48FB-BC4B-49E49AF43236}.Debug-MT|Win32.ActiveCfg = Debug|x64
		{F6A9102C-69A9-48FB-BC4B-49E49AF43236}.Debug-MT|x64.ActiveCfg = Debug|x64
		{F6A9102C-69A9-48FB-BC4B-49E49AF43236}.Debug-MT|x64.Build.0 = Debug|x64
		{F6A9102C-69A9-48FB-BC4B-49E49AF43236}.Debug-MT|x86.ActiveCfg = Debug|x64
		{F6A9102C-69A9-48FB-BC4B-49E49AF43236}.Release Library|Mixed Platforms.ActiveCfg = Release|x64
		{F6A9102C-69A9-48FB-BC4B-49E49AF43236}.Release Library|Mixed Platforms.Build.0 = Release|x64
		{F6A9102C-69A9-48FB-BC4B-49E49AF43236}.Release Library|Win32.ActiveCfg = Release|x64
		{F6A9102C-69A9-48FB-BC4B-49E49AF43236}.Release Library|x64.ActiveCfg = Release|x64
		{F6A9102C-69A9-48FB-BC4B-49E49AF43236}.Release Library|x64.Build.0 = Release|x64
		{F6A9102C-69A9-48FB-BC4B-49E49AF43236}.Release Library|x86.ActiveCfg = Release|x64
		{F6A9102C-69A9-48FB-BC4B-49E49AF43236}.Release MX|Mixed Platforms.ActiveCfg = Release|x64
		{F6A9102C-69A9-48FB-BC4B-49E49AF43236}.Release MX|Mixed Platforms.Build.0 = Release|x64
		{F6A9102C-69A9-48FB-BC4B-49E49AF43236}.Release MX|Win32.ActiveCfg = Release|x64
		{F6A9102C-69A9-48FB-BC4B-49E49AF43236}.Release MX|x64.ActiveCfg = Release|x64
		{F6A9102C-69A9-48FB-BC4B-49E49AF43236}.Release MX|x64.Build.0 = Release|x64
		{F6A9102C-69A9-48FB-BC4B-49E49AF43236}.Release MX|x86.ActiveCfg = Release|x64
		{F6A9102C-69A9-48FB-BC4B-49E49AF43236}.Release|Mixed Platforms.ActiveCfg = Release|x64
		{F6A9102C-69A9-48FB-BC4B-49E49AF43236}.Release|Mixed Platforms.Build.0 = Release|x64
		{F6A9102C-69A9-48FB-BC4B-49E49AF43236}.Release|Win32.ActiveCfg = Release|Win32
		{F6A9102C-69A9-48FB-BC4B-49E49AF43236}.Release|Win32.Build.0 = Release|Win32
		{F6A9102C-69A9-48FB-BC4B-49E49AF43236}.Release|x64.ActiveCfg = Release|x64
		{F6A9102C-69A9-48FB-BC4B-49E49AF43236}.Release|x64.Build.0 = Release|x64
		{F6A9102C-69A9-48FB-BC4B-49E49AF43236}.Release|x86.ActiveCfg = Release|x64
		{F6A9102C-69A9-48FB-BC4B-49E49AF43236}.Release-MT|Mixed Platforms.ActiveCfg = Release|x64
		{F6A9102C-69A9-48FB-BC4B-49E49AF43236}.Release-MT|Mixed Platforms.Build.0 = Release|x64
		{F6A9102C-69A9-48FB-BC4B-49E49AF43236}.Release-MT|Win32.ActiveCfg = Release|x64
		{F6A9102C-69A9-48FB-BC4B-49E49AF43236}.Release-MT|x64.ActiveCfg = Release|x64
		{F6A9102C-69A9-48FB-BC4B-49E49AF43236}.Release-MT|x64.Build.0 = Release|x64
		{F6A9102C-69A9-48FB-BC4B-49E49AF43236}.Release-MT|x86.ActiveCfg = Release|x64
		{F6A9102C-69A9-48FB-BC4B-49E49AF43236}.ReleaseNvidia|Mixed Platforms.ActiveCfg = ReleaseNvidia|x64
		{F6A9102C-69A9-48FB-BC4B-49E49AF43236}.ReleaseNvidia|Mixed Platforms.Build.0 = ReleaseNvidia|x64
		{F6A9102C-69A9-48FB-BC4B-49E49AF43236}.ReleaseNvidia|Win32.ActiveCfg = ReleaseNvidia|Win32
		{F6A9102C-69A9-48FB-BC4B-49E49AF43236}.ReleaseNvidia|Win32.Build.0 = ReleaseNvidia|Win32
		{F6A9102C-69A9-48FB-BC4B-49E49AF43236}.ReleaseNvidia|x64.ActiveCfg = ReleaseNvidia|x64
		{F6A9102C-69A9-48FB-BC4B-49E49AF43236}.ReleaseNvidia|x64.Build.0 = ReleaseNvidia|x64
		{F6A9102C-69A9-48FB-BC4B-49E49AF43236}.ReleaseNvidia|x86.ActiveCfg = ReleaseNvidia|x64
		{F6A9102C-69A9-48FB-BC4B-49E49AF43236}.ReleaseWithoutAsm|Mixed Platforms.ActiveCfg = Release|x64
		{F6A9102C-69A9-48FB-BC4B-49E49AF43236}.ReleaseWithoutAsm|Mixed Platforms.Build.0 = Release|x64
		{F6A9102C-69A9-48FB-BC4B-49E49AF43236}.ReleaseWithoutAsm|Win32.ActiveCfg = Release|x64
		{F6A9102C-69A9-48FB-BC4B-49E49AF43236}.ReleaseWithoutAsm|x64.ActiveCfg = Release|x64
		{F6A9102C-69A9-48FB-BC4B-49E49AF43236}.ReleaseWithoutAsm|x64.Build.0 = Release|x64
		{F6A9102C-69A9-48FB-BC4B-49E49AF43236}.ReleaseWithoutAsm|x86.ActiveCfg = Release|x64
		{F62787DD-1327-448B-9818-030062BCFAA5}.Debug Library|Mixed Platforms.ActiveCfg = Debug|x64
		{F62787DD-1327-448B-9818-030062BCFAA5}.Debug Library|Mixed Platforms.Build.0 = Debug|x64
		{F62787DD-1327-448B-9818-030062BCFAA5}.Debug Library|Win32.ActiveCfg = Debug|x64
		{F62787DD-1327-448B-9818-030062BCFAA5}.Debug Library|x64.ActiveCfg = Debug|x64
		{F62787DD-1327-448B-9818-030062BCFAA5}.Debug Library|x64.Build.0 = Debug|x64
		{F62787DD-1327-448B-9818-030062BCFAA5}.Debug Library|x86.ActiveCfg = Debug|x64
		{F62787DD-1327-448B-9818-030062BCFAA5}.Debug MX|Mixed Platforms.ActiveCfg = Debug|x64
		{F62787DD-1327-448B-9818-030062BCFAA5}.Debug MX|Mixed Platforms.Build.0 = Debug|x64
		{F62787DD-1327-448B-9818-030062BCFAA5}.Debug MX|Win32.ActiveCfg = Debug|x64
		{F62787DD-1327-448B-9818-030062BCFAA5}.Debug MX|x64.ActiveCfg = Debug|x64
		{F62787DD-1327-448B-9818-030062BCFAA5}.Debug MX|x64.Build.0 = Debug|x64
		{F62787DD-1327-448B-9818-030062BCFAA5}.Debug MX|x86.ActiveCfg = Debug|x64
		{F62787DD-1327-448B-9818-030062BCFAA5}.Debug|Mixed Platforms.ActiveCfg = Debug|x64
		{F62787DD-1327-448B-9818-030062BCFAA5}.Debug|Mixed Platforms.Build.0 = Debug|x64
		{F62787DD-1327-448B-9818-030062BCFAA5}.Debug|Win32.ActiveCfg = Debug|Win32
		{F62787DD-1327-448B-9818-030062BCFAA5}.Debug|Win32.Build.0 = Debug|Win32
		{F62787DD-1327-448B-9818-030062BCFAA5}.Debug|x64.ActiveCfg = Debug|x64
		{F62787DD-1327-448B-9818-030062BCFAA5}.Debug|x64.Build.0 = Debug|x64
		{F62787DD-1327-448B-9818-030062BCFAA5}.Debug|x86.ActiveCfg = Debug|x64
		{F62787DD-1327-448B-9818-030062BCFAA5}.Debug-MT|Mixed Platforms.ActiveCfg = Debug-MT|x64
		{F62787DD-1327-448B-9818-030062BCFAA5}.Debug-MT|Mixed Platforms.Build.0 = Debug-MT|x64
		{F62787DD-1327-448B-9818-030062BCFAA5}.Debug-MT|Win32.ActiveCfg = Debug-MT|Win32
		{F62787DD-1327-448B-9818-030062BCFAA5}.Debug-MT|Win32.Build.0 = Debug-MT|Win32
		{F62787DD-1327-448B-9818-030062BCFAA5}.Debug-MT|x64.ActiveCfg = Debug-MT|x64
		{F62787DD-1327-448B-9818-030062BCFAA5}.Debug-MT|x64.Build.0 = Debug-MT|x64
		{F62787DD-1327-448B-9818-030062BCFAA5}.Debug-MT|x86.ActiveCfg = Debug-MT|x64
		{F62787DD-1327-448B-9818-030062BCFAA5}.Release Library|Mixed Platforms.ActiveCfg = Release|x64
		{F62787DD-1327-448B-9818-030062BCFAA5}.Release Library|Mixed Platforms.Build.0 = Release|x64
		{F62787DD-1327-448B-9818-030062BCFAA5}.Release Library|Win32.ActiveCfg = Release|x64
		{F62787DD-1327-448B-9818-030062BCFAA5}.Release Library|x64.ActiveCfg = Release|x64
		{F62787DD-1327-448B-9818-030062BCFAA5}.Release Library|x64.Build.0 = Release|x64
		{F62787DD-1327-448B-9818-030062BCFAA5}.Release Library|x86.ActiveCfg = Release|x64
		{F62787DD-1327-448B-9818-030062BCFAA5}.Release MX|Mixed Platforms.ActiveCfg = Release|x64
		{F62787DD-1327-448B-9818-030062BCFAA5}.Release MX|Mixed Platforms.Build.0 = Release|x64
		{F62787DD-1327-448B-9818-030062BCFAA5}.Release MX|Win32.ActiveCfg = Release|x64
		{F62787DD-1327-448B-9818-030062BCFAA5}.Release MX|x64.ActiveCfg = Release|x64
		{F62787DD-1327-448B-9818-030062BCFAA5}.Release MX|x64.Build.0 = Release|x64
		{F62787DD-1327-448B-9818-030062BCFAA5}.Release MX|x86.ActiveCfg = Release|x64
		{F62787DD-1327-448B-9818-030062BCFAA5}.Release|Mixed Platforms.ActiveCfg = Release|x64
		{F62787DD-1327-448B-9818-030062BCFAA5}.Release|Mixed Platforms.Build.0 = Release|x64
		{F62787DD-1327-448B-9818-030062BCFAA5}.Release|Win32.ActiveCfg = Release|Win32
		{F62787DD-1327-448B-9818-030062BCFAA5}.Release|Win32.Build.0 = Release|Win32
		{F62787DD-1327-448B-9818-030062BCFAA5}.Release|x64.ActiveCfg = Release|x64
		{F62787DD-1327-448B-9818-030062BCFAA5}.Release|x64.Build.0 = Release|x64
		{F62787DD-1327-448B-9818-030062BCFAA5}.Release|x86.ActiveCfg = Release|x64
		{F62787DD-1327-448B-9818-030062BCFAA5}.Release-MT|Mixed Platforms.ActiveCfg = Release-MT|x64
		{F62787DD-1327-448B-9818-030062BCFAA5}.Release-MT|Mixed Platforms.Build.0 = Release-MT|x64
		{F62787DD-1327-448B-9818-030062BCFAA5}.Release-MT|Win32.ActiveCfg = Release-MT|Win32
		{F62787DD-1327-448B-9818-030062BCFAA5}.Release-MT|Win32.Build.0 = Release-MT|Win32
		{F62787DD-1327-448B-9818-030062BCFAA5}.Release-MT|x64.ActiveCfg = Release-MT|x64
		{F62787DD-1327-448B-9818-030062BCFAA5}.Release-MT|x64.Build.0 = Release-MT|x64
		{F62787DD-1327-448B-9818-030062BCFAA5}.Release-MT|x86.ActiveCfg = Release-MT|x64
		{F62787DD-1327-448B-9818-030062BCFAA5}.ReleaseNvidia|Mixed Platforms.ActiveCfg = Release|x64
		{F62787DD-1327-448B-9818-030062BCFAA5}.ReleaseNvidia|Mixed Platforms.Build.0 = Release|x64
		{F62787DD-1327-448B-9818-030062BCFAA5}.ReleaseNvidia|Win32.ActiveCfg = Release|x64
		{F62787DD-1327-448B-9818-030062BCFAA5}.ReleaseNvidia|x64.ActiveCfg = Release|x64
		{F62787DD-1327-448B-9818-030062BCFAA5}.ReleaseNvidia|x64.Build.0 = Release|x64
		{F62787DD-1327-448B-9818-030062BCFAA5}.ReleaseNvidia|x86.ActiveCfg = Release|x64
		{F62787DD-1327-448B-9818-030062BCFAA5}.ReleaseWithoutAsm|Mixed Platforms.ActiveCfg = Release|x64
		{F62787DD-1327-448B-9818-030062BCFAA5}.ReleaseWithoutAsm|Mixed Platforms.Build.0 = Release|x64
		{F62787DD-1327-448B-9818-030062BCFAA5}.ReleaseWithoutAsm|Win32.ActiveCfg = Release|x64
		{F62787DD-1327-448B-9818-030062BCFAA5}.ReleaseWithoutAsm|x64.ActiveCfg = Release|x64
		{F62787DD-1327-448B-9818-030062BCFAA5}.ReleaseWithoutAsm|x64.Build.0 = Release|x64
		{F62787DD-1327-448B-9818-030062BCFAA5}.ReleaseWithoutAsm|x86.ActiveCfg = Release|x64
		{60F89955-91C6-3A36-8000-13C592FEC2DF}.Debug Library|Mixed Platforms.ActiveCfg = Debug Library|Win32
		{60F89955-91C6-3A36-8000-13C592FEC2DF}.Debug Library|Mixed Platforms.Build.0 = Debug Library|Win32
		{60F89955-91C6-3A36-8000-13C592FEC2DF}.Debug Library|Win32.ActiveCfg = Debug Library|Win32
		{60F89955-91C6-3A36-8000-13C592FEC2DF}.Debug Library|Win32.Build.0 = Debug Library|Win32
		{60F89955-91C6-3A36-8000-13C592FEC2DF}.Debug Library|x64.ActiveCfg = Debug Library|Win32
		{60F89955-91C6-3A36-8000-13C592FEC2DF}.Debug Library|x86.ActiveCfg = Debug Library|Win32
		{60F89955-91C6-3A36-8000-13C592FEC2DF}.Debug MX|Mixed Platforms.ActiveCfg = Debug Library|Win32
		{60F89955-91C6-3A36-8000-13C592FEC2DF}.Debug MX|Mixed Platforms.Build.0 = Debug Library|Win32
		{60F89955-91C6-3A36-8000-13C592FEC2DF}.Debug MX|Win32.ActiveCfg = Debug Library|Win32
		{60F89955-91C6-3A36-8000-13C592FEC2DF}.Debug MX|Win32.Build.0 = Debug Library|Win32
		{60F89955-91C6-3A36-8000-13C592FEC2DF}.Debug MX|x64.ActiveCfg = Debug Library|Win32
		{60F89955-91C6-3A36-8000-13C592FEC2DF}.Debug MX|x86.ActiveCfg = Debug Library|Win32
		{60F89955-91C6-3A36-8000-13C592FEC2DF}.Debug|Mixed Platforms.ActiveCfg = Debug|Win32
		{60F89955-91C6-3A36-8000-13C592FEC2DF}.Debug|Mixed Platforms.Build.0 = Debug|Win32
		{60F89955-91C6-3A36-8000-13C592FEC2DF}.Debug|Win32.ActiveCfg = Debug|Win32
		{60F89955-91C6-3A36-8000-13C592FEC2DF}.Debug|Win32.Build.0 = Debug|Win32
		{60F89955-91C6-3A36-8000-13C592FEC2DF}.Debug|x64.ActiveCfg = Debug|x64
		{60F89955-91C6-3A36-8000-13C592FEC2DF}.Debug|x64.Build.0 = Debug|x64
		{60F89955-91C6-3A36-8000-13C592FEC2DF}.Debug|x86.ActiveCfg = Debug|Win32
		{60F89955-91C6-3A36-8000-13C592FEC2DF}.Debug-MT|Mixed Platforms.ActiveCfg = Debug|Win32
		{60F89955-91C6-3A36-8000-13C592FEC2DF}.Debug-MT|Mixed Platforms.Build.0 = Debug|Win32
		{60F89955-91C6-3A36-8000-13C592FEC2DF}.Debug-MT|Win32.ActiveCfg = Debug|Win32
		{60F89955-91C6-3A36-8000-13C592FEC2DF}.Debug-MT|Win32.Build.0 = Debug|Win32
		{60F89955-91C6-3A36-8000-13C592FEC2DF}.Debug-MT|x64.ActiveCfg = Debug|Win32
		{60F89955-91C6-3A36-8000-13C592FEC2DF}.Debug-MT|x86.ActiveCfg = Debug|Win32
		{60F89955-91C6-3A36-8000-13C592FEC2DF}.Release Library|Mixed Platforms.ActiveCfg = Release Library|Win32
		{60F89955-91C6-3A36-8000-13C592FEC2DF}.Release Library|Mixed Platforms.Build.0 = Release Library|Win32
		{60F89955-91C6-3A36-8000-13C592FEC2DF}.Release Library|Win32.ActiveCfg = Release Library|Win32
		{60F89955-91C6-3A36-8000-13C592FEC2DF}.Release Library|Win32.Build.0 = Release Library|Win32
		{60F89955-91C6-3A36-8000-13C592FEC2DF}.Release Library|x64.ActiveCfg = Release Library|Win32
		{60F89955-91C6-3A36-8000-13C592FEC2DF}.Release Library|x86.ActiveCfg = Release Library|Win32
		{60F89955-91C6-3A36-8000-13C592FEC2DF}.Release MX|Mixed Platforms.ActiveCfg = Release Library|Win32
		{60F89955-91C6-3A36-8000-13C592FEC2DF}.Release MX|Mixed Platforms.Build.0 = Release Library|Win32
		{60F89955-91C6-3A36-8000-13C592FEC2DF}.Release MX|Win32.ActiveCfg = Release Library|Win32
		{60F89955-91C6-3A36-8000-13C592FEC2DF}.Release MX|Win32.Build.0 = Release Library|Win32
		{60F89955-91C6-3A36-8000-13C592FEC2DF}.Release MX|x64.ActiveCfg = Release Library|Win32
		{60F89955-91C6-3A36-8000-13C592FEC2DF}.Release MX|x86.ActiveCfg = Release Library|Win32
		{60F89955-91C6-3A36-8000-13C592FEC2DF}.Release|Mixed Platforms.ActiveCfg = Release|Win32
		{60F89955-91C6-3A36-8000-13C592FEC2DF}.Release|Mixed Platforms.Build.0 = Release|Win32
		{60F89955-91C6-3A36-8000-13C592FEC2DF}.Release|Win32.ActiveCfg = Release|Win32
		{60F89955-91C6-3A36-8000-13C592FEC2DF}.Release|Win32.Build.0 = Release|Win32
		{60F89955-91C6-3A36-8000-13C592FEC2DF}.Release|x64.ActiveCfg = Release|x64
		{60F89955-91C6-3A36-8000-13C592FEC2DF}.Release|x64.Build.0 = Release|x64
		{60F89955-91C6-3A36-8000-13C592FEC2DF}.Release|x86.ActiveCfg = Release|Win32
		{60F89955-91C6-3A36-8000-13C592FEC2DF}.Release-MT|Mixed Platforms.ActiveCfg = Release|Win32
		{60F89955-91C6-3A36-8000-13C592FEC2DF}.Release-MT|Mixed Platforms.Build.0 = Release|Win32
		{60F89955-91C6-3A36-8000-13C592FEC2DF}.Release-MT|Win32.ActiveCfg = Release|Win32
		{60F89955-91C6-3A36-8000-13C592FEC2DF}.Release-MT|Win32.Build.0 = Release|Win32
		{60F89955-91C6-3A36-8000-13C592FEC2DF}.Release-MT|x64.ActiveCfg = Release|Win32
		{60F89955-91C6-3A36-8000-13C592FEC2DF}.Release-MT|x86.ActiveCfg = Release|Win32
		{60F89955-91C6-3A36-8000-13C592FEC2DF}.ReleaseNvidia|Mixed Platforms.ActiveCfg = Release|x64
		{60F89955-91C6-3A36-8000-13C592FEC2DF}.ReleaseNvidia|Mixed Platforms.Build.0 = Release|x64
		{60F89955-91C6-3A36-8000-13C592FEC2DF}.ReleaseNvidia|Win32.ActiveCfg = Release|x64
		{60F89955-91C6-3A36-8000-13C592FEC2DF}.ReleaseNvidia|x64.ActiveCfg = Release|x64
		{60F89955-91C6-3A36-8000-13C592FEC2DF}.ReleaseNvidia|x64.Build.0 = Release|x64
		{60F89955-91C6-3A36-8000-13C592FEC2DF}.ReleaseNvidia|x86.ActiveCfg = Release|x64
		{60F89955-91C6-3A36-8000-13C592FEC2DF}.ReleaseWithoutAsm|Mixed Platforms.ActiveCfg = Release|Win32
		{60F89955-91C6-3A36-8000-13C592FEC2DF}.ReleaseWithoutAsm|Mixed Platforms.Build.0 = Release|Win32
		{60F89955-91C6-3A36-8000-13C592FEC2DF}.ReleaseWithoutAsm|Win32.ActiveCfg = Release|Win32
		{60F89955-91C6-3A36-8000-13C592FEC2DF}.ReleaseWithoutAsm|Win32.Build.0 = Release|Win32
		{60F89955-91C6-3A36-8000-13C592FEC2DF}.ReleaseWithoutAsm|x64.ActiveCfg = Release|Win32
		{60F89955-91C6-3A36-8000-13C592FEC2DF}.ReleaseWithoutAsm|x86.ActiveCfg = Release|Win32
		{EB33566E-DA7F-4D28-9077-88C0B7C77E35}.Debug Library|Mixed Platforms.ActiveCfg = Release|Win32
		{EB33566E-DA7F-4D28-9077-88C0B7C77E35}.Debug Library|Mixed Platforms.Build.0 = Release|Win32
		{EB33566E-DA7F-4D28-9077-88C0B7C77E35}.Debug Library|Win32.ActiveCfg = Release|Win32
		{EB33566E-DA7F-4D28-9077-88C0B7C77E35}.Debug Library|Win32.Build.0 = Release|Win32
		{EB33566E-DA7F-4D28-9077-88C0B7C77E35}.Debug Library|x64.ActiveCfg = Release|Win32
		{EB33566E-DA7F-4D28-9077-88C0B7C77E35}.Debug Library|x86.ActiveCfg = Release|Win32
		{EB33566E-DA7F-4D28-9077-88C0B7C77E35}.Debug MX|Mixed Platforms.ActiveCfg = Release|Win32
		{EB33566E-DA7F-4D28-9077-88C0B7C77E35}.Debug MX|Mixed Platforms.Build.0 = Release|Win32
		{EB33566E-DA7F-4D28-9077-88C0B7C77E35}.Debug MX|Win32.ActiveCfg = Release|Win32
		{EB33566E-DA7F-4D28-9077-88C0B7C77E35}.Debug MX|Win32.Build.0 = Release|Win32
		{EB33566E-DA7F-4D28-9077-88C0B7C77E35}.Debug MX|x64.ActiveCfg = Release|Win32
		{EB33566E-DA7F-4D28-9077-88C0B7C77E35}.Debug MX|x86.ActiveCfg = Release|Win32
		{EB33566E-DA7F-4D28-9077-88C0B7C77E35}.Debug|Mixed Platforms.ActiveCfg = Release|Win32
		{EB33566E-DA7F-4D28-9077-88C0B7C77E35}.Debug|Mixed Platforms.Build.0 = Release|Win32
		{EB33566E-DA7F-4D28-9077-88C0B7C77E35}.Debug|Win32.ActiveCfg = Release|Win32
		{EB33566E-DA7F-4D28-9077-88C0B7C77E35}.Debug|Win32.Build.0 = Release|Win32
		{EB33566E-DA7F-4D28-9077-88C0B7C77E35}.Debug|x64.ActiveCfg = Release|x64
		{EB33566E-DA7F-4D28-9077-88C0B7C77E35}.Debug|x64.Build.0 = Release|x64
		{EB33566E-DA7F-4D28-9077-88C0B7C77E35}.Debug|x86.ActiveCfg = Release|Win32
		{EB33566E-DA7F-4D28-9077-88C0B7C77E35}.Debug-MT|Mixed Platforms.ActiveCfg = Release|Win32
		{EB33566E-DA7F-4D28-9077-88C0B7C77E35}.Debug-MT|Mixed Platforms.Build.0 = Release|Win32
		{EB33566E-DA7F-4D28-9077-88C0B7C77E35}.Debug-MT|Win32.ActiveCfg = Release|Win32
		{EB33566E-DA7F-4D28-9077-88C0B7C77E35}.Debug-MT|Win32.Build.0 = Release|Win32
		{EB33566E-DA7F-4D28-9077-88C0B7C77E35}.Debug-MT|x64.ActiveCfg = Release|Win32
		{EB33566E-DA7F-4D28-9077-88C0B7C77E35}.Debug-MT|x86.ActiveCfg = Release|Win32
		{EB33566E-DA7F-4D28-9077-88C0B7C77E35}.Release Library|Mixed Platforms.ActiveCfg = Release|Win32
		{EB33566E-DA7F-4D28-9077-88C0B7C77E35}.Release Library|Mixed Platforms.Build.0 = Release|Win32
		{EB33566E-DA7F-4D28-9077-88C0B7C77E35}.Release Library|Win32.ActiveCfg = Release|Win32
		{EB33566E-DA7F-4D28-9077-88C0B7C77E35}.Release Library|Win32.Build.0 = Release|Win32
		{EB33566E-DA7F-4D28-9077-88C0B7C77E35}.Release Library|x64.ActiveCfg = Release|Win32
		{EB33566E-DA7F-4D28-9077-88C0B7C77E35}.Release Library|x86.ActiveCfg = Release|Win32
		{EB33566E-DA7F-4D28-9077-88C0B7C77E35}.Release MX|Mixed Platforms.ActiveCfg = Release|Win32
		{EB33566E-DA7F-4D28-9077-88C0B7C77E35}.Release MX|Mixed Platforms.Build.0 = Release|Win32
		{EB33566E-DA7F-4D28-9077-88C0B7C77E35}.Release MX|Win32.ActiveCfg = Release|Win32
		{EB33566E-DA7F-4D28-9077-88C0B7C77E35}.Release MX|Win32.Build.0 = Release|Win32
		{EB33566E-DA7F-4D28-9077-88C0B7C77E35}.Release MX|x64.ActiveCfg = Release|Win32
		{EB33566E-DA7F-4D28-9077-88C0B7C77E35}.Release MX|x86.ActiveCfg = Release|Win32
		{EB33566E-DA7F-4D28-9077-88C0B7C77E35}.Release|Mixed Platforms.ActiveCfg = Release|Win32
		{EB33566E-DA7F-4D28-9077-88C0B7C77E35}.Release|Mixed Platforms.Build.0 = Release|Win32
		{EB33566E-DA7F-4D28-9077-88C0B7C77E35}.Release|Win32.ActiveCfg = Release|Win32
		{EB33566E-DA7F-4D28-9077-88C0B7C77E35}.Release|Win32.Build.0 = Release|Win32
		{EB33566E-DA7F-4D28-9077-88C0B7C77E35}.Release|x64.ActiveCfg = Release|x64
		{EB33566E-DA7F-4D28-9077-88C0B7C77E35}.Release|x64.Build.0 = Release|x64
		{EB33566E-DA7F-4D28-9077-88C0B7C77E35}.Release|x86.ActiveCfg = Release|Win32
		{EB33566E-DA7F-4D28-9077-88C0B7C77E35}.Release-MT|Mixed Platforms.ActiveCfg = Release|Win32
		{EB33566E-DA7F-4D28-9077-88C0B7C77E35}.Release-MT|Mixed Platforms.Build.0 = Release|Win32
		{EB33566E-DA7F-4D28-9077-88C0B7C77E35}.Release-MT|Win32.ActiveCfg = Release|Win32
		{EB33566E-DA7F-4D28-9077-88C0B7C77E35}.Release-MT|Win32.Build.0 = Release|Win32
		{EB33566E-DA7F-4D28-9077-88C0B7C77E35}.Release-MT|x64.ActiveCfg = Release|Win32
		{EB33566E-DA7F-4D28-9077-88C0B7C77E35}.Release-MT|x86.ActiveCfg = Release|Win32
		{EB33566E-DA7F-4D28-9077-88C0B7C77E35}.ReleaseNvidia|Mixed Platforms.ActiveCfg = Release|x64
		{EB33566E-DA7F-4D28-9077-88C0B7C77E35}.ReleaseNvidia|Mixed Platforms.Build.0 = Release|x64
		{EB33566E-DA7F-4D28-9077-88C0B7C77E35}.ReleaseNvidia|Win32.ActiveCfg = Release|x64
		{EB33566E-DA7F-4D28-9077-88C0B7C77E35}.ReleaseNvidia|x64.ActiveCfg = Release|x64
		{EB33566E-DA7F-4D28-9077-88C0B7C77E35}.ReleaseNvidia|x64.Build.0 = Release|x64
		{EB33566E-DA7F-4D28-9077-88C0B7C77E35}.ReleaseNvidia|x86.ActiveCfg = Release|x64
		{EB33566E-DA7F-4D28-9077-88C0B7C77E35}.ReleaseWithoutAsm|Mixed Platforms.ActiveCfg = Release|Win32
		{EB33566E-DA7F-4D28-9077-88C0B7C77E35}.ReleaseWithoutAsm|Mixed Platforms.Build.0 = Release|Win32
		{EB33566E-DA7F-4D28-9077-88C0B7C77E35}.ReleaseWithoutAsm|Win32.ActiveCfg = Release|Win32
		{EB33566E-DA7F-4D28-9077-88C0B7C77E35}.ReleaseWithoutAsm|Win32.Build.0 = Release|Win32
		{EB33566E-DA7F-4D28-9077-88C0B7C77E35}.ReleaseWithoutAsm|x64.ActiveCfg = Release|Win32
		{EB33566E-DA7F-4D28-9077-88C0B7C77E35}.ReleaseWithoutAsm|x86.ActiveCfg = Release|Win32
		{D6973076-9317-4EF2-A0B8-B7A18AC0713E}.Debug Library|Mixed Platforms.ActiveCfg = Debug Library|Win32
		{D6973076-9317-4EF2-A0B8-B7A18AC0713E}.Debug Library|Mixed Platforms.Build.0 = Debug Library|Win32
		{D6973076-9317-4EF2-A0B8-B7A18AC0713E}.Debug Library|Win32.ActiveCfg = Debug Library|Win32
		{D6973076-9317-4EF2-A0B8-B7A18AC0713E}.Debug Library|Win32.Build.0 = Debug Library|Win32
		{D6973076-9317-4EF2-A0B8-B7A18AC0713E}.Debug Library|x64.ActiveCfg = Debug Library|Win32
		{D6973076-9317-4EF2-A0B8-B7A18AC0713E}.Debug Library|x86.ActiveCfg = Debug Library|Win32
		{D6973076-9317-4EF2-A0B8-B7A18AC0713E}.Debug MX|Mixed Platforms.ActiveCfg = Debug Library|Win32
		{D6973076-9317-4EF2-A0B8-B7A18AC0713E}.Debug MX|Mixed Platforms.Build.0 = Debug Library|Win32
		{D6973076-9317-4EF2-A0B8-B7A18AC0713E}.Debug MX|Win32.ActiveCfg = Debug Library|Win32
		{D6973076-9317-4EF2-A0B8-B7A18AC0713E}.Debug MX|Win32.Build.0 = Debug Library|Win32
		{D6973076-9317-4EF2-A0B8-B7A18AC0713E}.Debug MX|x64.ActiveCfg = Debug Library|Win32
		{D6973076-9317-4EF2-A0B8-B7A18AC0713E}.Debug MX|x86.ActiveCfg = Debug Library|Win32
		{D6973076-9317-4EF2-A0B8-B7A18AC0713E}.Debug|Mixed Platforms.ActiveCfg = Debug|Win32
		{D6973076-9317-4EF2-A0B8-B7A18AC0713E}.Debug|Mixed Platforms.Build.0 = Debug|Win32
		{D6973076-9317-4EF2-A0B8-B7A18AC0713E}.Debug|Win32.ActiveCfg = Debug|Win32
		{D6973076-9317-4EF2-A0B8-B7A18AC0713E}.Debug|Win32.Build.0 = Debug|Win32
		{D6973076-9317-4EF2-A0B8-B7A18AC0713E}.Debug|x64.ActiveCfg = Debug|x64
		{D6973076-9317-4EF2-A0B8-B7A18AC0713E}.Debug|x64.Build.0 = Debug|x64
		{D6973076-9317-4EF2-A0B8-B7A18AC0713E}.Debug|x86.ActiveCfg = Debug|Win32
		{D6973076-9317-4EF2-A0B8-B7A18AC0713E}.Debug-MT|Mixed Platforms.ActiveCfg = Debug|Win32
		{D6973076-9317-4EF2-A0B8-B7A18AC0713E}.Debug-MT|Mixed Platforms.Build.0 = Debug|Win32
		{D6973076-9317-4EF2-A0B8-B7A18AC0713E}.Debug-MT|Win32.ActiveCfg = Debug|Win32
		{D6973076-9317-4EF2-A0B8-B7A18AC0713E}.Debug-MT|Win32.Build.0 = Debug|Win32
		{D6973076-9317-4EF2-A0B8-B7A18AC0713E}.Debug-MT|x64.ActiveCfg = Debug|Win32
		{D6973076-9317-4EF2-A0B8-B7A18AC0713E}.Debug-MT|x86.ActiveCfg = Debug|Win32
		{D6973076-9317-4EF2-A0B8-B7A18AC0713E}.Release Library|Mixed Platforms.ActiveCfg = Release Library|Win32
		{D6973076-9317-4EF2-A0B8-B7A18AC0713E}.Release Library|Mixed Platforms.Build.0 = Release Library|Win32
		{D6973076-9317-4EF2-A0B8-B7A18AC0713E}.Release Library|Win32.ActiveCfg = Release Library|Win32
		{D6973076-9317-4EF2-A0B8-B7A18AC0713E}.Release Library|Win32.Build.0 = Release Library|Win32
		{D6973076-9317-4EF2-A0B8-B7A18AC0713E}.Release Library|x64.ActiveCfg = Release Library|Win32
		{D6973076-9317-4EF2-A0B8-B7A18AC0713E}.Release Library|x86.ActiveCfg = Release Library|Win32
		{D6973076-9317-4EF2-A0B8-B7A18AC0713E}.Release MX|Mixed Platforms.ActiveCfg = Release Library|Win32
		{D6973076-9317-4EF2-A0B8-B7A18AC0713E}.Release MX|Mixed Platforms.Build.0 = Release Library|Win32
		{D6973076-9317-4EF2-A0B8-B7A18AC0713E}.Release MX|Win32.ActiveCfg = Release Library|Win32
		{D6973076-9317-4EF2-A0B8-B7A18AC0713E}.Release MX|Win32.Build.0 = Release Library|Win32
		{D6973076-9317-4EF2-A0B8-B7A18AC0713E}.Release MX|x64.ActiveCfg = Release Library|Win32
		{D6973076-9317-4EF2-A0B8-B7A18AC0713E}.Release MX|x86.ActiveCfg = Release Library|Win32
		{D6973076-9317-4EF2-A0B8-B7A18AC0713E}.Release|Mixed Platforms.ActiveCfg = Release|Win32
		{D6973076-9317-4EF2-A0B8-B7A18AC0713E}.Release|Mixed Platforms.Build.0 = Release|Win32
		{D6973076-9317-4EF2-A0B8-B7A18AC0713E}.Release|Win32.ActiveCfg = Release|Win32
		{D6973076-9317-4EF2-A0B8-B7A18AC0713E}.Release|Win32.Build.0 = Release|Win32
		{D6973076-9317-4EF2-A0B8-B7A18AC0713E}.Release|x64.ActiveCfg = Release|x64
		{D6973076-9317-4EF2-A0B8-B7A18AC0713E}.Release|x64.Build.0 = Release|x64
		{D6973076-9317-4EF2-A0B8-B7A18AC0713E}.Release|x86.ActiveCfg = Release|Win32
		{D6973076-9317-4EF2-A0B8-B7A18AC0713E}.Release-MT|Mixed Platforms.ActiveCfg = Release|Win32
		{D6973076-9317-4EF2-A0B8-B7A18AC0713E}.Release-MT|Mixed Platforms.Build.0 = Release|Win32
		{D6973076-9317-4EF2-A0B8-B7A18AC0713E}.Release-MT|Win32.ActiveCfg = Release|Win32
		{D6973076-9317-4EF2-A0B8-B7A18AC0713E}.Release-MT|Win32.Build.0 = Release|Win32
		{D6973076-9317-4EF2-A0B8-B7A18AC0713E}.Release-MT|x64.ActiveCfg = Release|Win32
		{D6973076-9317-4EF2-A0B8-B7A18AC0713E}.Release-MT|x86.ActiveCfg = Release|Win32
		{D6973076-9317-4EF2-A0B8-B7A18AC0713E}.ReleaseNvidia|Mixed Platforms.ActiveCfg = Release|x64
		{D6973076-9317-4EF2-A0B8-B7A18AC0713E}.ReleaseNvidia|Mixed Platforms.Build.0 = Release|x64
		{D6973076-9317-4EF2-A0B8-B7A18AC0713E}.ReleaseNvidia|Win32.ActiveCfg = Release|x64
		{D6973076-9317-4EF2-A0B8-B7A18AC0713E}.ReleaseNvidia|x64.ActiveCfg = Release|x64
		{D6973076-9317-4EF2-A0B8-B7A18AC0713E}.ReleaseNvidia|x64.Build.0 = Release|x64
		{D6973076-9317-4EF2-A0B8-B7A18AC0713E}.ReleaseNvidia|x86.ActiveCfg = Release|x64
		{D6973076-9317-4EF2-A0B8-B7A18AC0713E}.ReleaseWithoutAsm|Mixed Platforms.ActiveCfg = Release|Win32
		{D6973076-9317-4EF2-A0B8-B7A18AC0713E}.ReleaseWithoutAsm|Mixed Platforms.Build.0 = Release|Win32
		{D6973076-9317-4EF2-A0B8-B7A18AC0713E}.ReleaseWithoutAsm|Win32.ActiveCfg = Release|Win32
		{D6973076-9317-4EF2-A0B8-B7A18AC0713E}.ReleaseWithoutAsm|Win32.Build.0 = Release|Win32
		{D6973076-9317-4EF2-A0B8-B7A18AC0713E}.ReleaseWithoutAsm|x64.ActiveCfg = Release|Win32
		{D6973076-9317-4EF2-A0B8-B7A18AC0713E}.ReleaseWithoutAsm|x86.ActiveCfg = Release|Win32
		{019DBD2A-273D-4BA4-BF86-B5EFE2ED76B1}.Debug Library|Mixed Platforms.ActiveCfg = Release|Win32
		{019DBD2A-273D-4BA4-BF86-B5EFE2ED76B1}.Debug Library|Mixed Platforms.Build.0 = Release|Win32
		{019DBD2A-273D-4BA4-BF86-B5EFE2ED76B1}.Debug Library|Win32.ActiveCfg = Release|Win32
		{019DBD2A-273D-4BA4-BF86-B5EFE2ED76B1}.Debug Library|Win32.Build.0 = Release|Win32
		{019DBD2A-273D-4BA4-BF86-B5EFE2ED76B1}.Debug Library|x64.ActiveCfg = Release|Win32
		{019DBD2A-273D-4BA4-BF86-B5EFE2ED76B1}.Debug Library|x86.ActiveCfg = Release|Win32
		{019DBD2A-273D-4BA4-BF86-B5EFE2ED76B1}.Debug MX|Mixed Platforms.ActiveCfg = Release|Win32
		{019DBD2A-273D-4BA4-BF86-B5EFE2ED76B1}.Debug MX|Mixed Platforms.Build.0 = Release|Win32
		{019DBD2A-273D-4BA4-BF86-B5EFE2ED76B1}.Debug MX|Win32.ActiveCfg = Release|Win32
		{019DBD2A-273D-4BA4-BF86-B5EFE2ED76B1}.Debug MX|Win32.Build.0 = Release|Win32
		{019DBD2A-273D-4BA4-BF86-B5EFE2ED76B1}.Debug MX|x64.ActiveCfg = Release|Win32
		{019DBD2A-273D-4BA4-BF86-B5EFE2ED76B1}.Debug MX|x86.ActiveCfg = Release|Win32
		{019DBD2A-273D-4BA4-BF86-B5EFE2ED76B1}.Debug|Mixed Platforms.ActiveCfg = Release|Win32
		{019DBD2A-273D-4BA4-BF86-B5EFE2ED76B1}.Debug|Mixed Platforms.Build.0 = Release|Win32
		{019DBD2A-273D-4BA4-BF86-B5EFE2ED76B1}.Debug|Win32.ActiveCfg = Release|Win32
		{019DBD2A-273D-4BA4-BF86-B5EFE2ED76B1}.Debug|Win32.Build.0 = Release|Win32
		{019DBD2A-273D-4BA4-BF86-B5EFE2ED76B1}.Debug|x64.ActiveCfg = Release|x64
		{019DBD2A-273D-4BA4-BF86-B5EFE2ED76B1}.Debug|x64.Build.0 = Release|x64
		{019DBD2A-273D-4BA4-BF86-B5EFE2ED76B1}.Debug|x86.ActiveCfg = Release|Win32
		{019DBD2A-273D-4BA4-BF86-B5EFE2ED76B1}.Debug-MT|Mixed Platforms.ActiveCfg = Release|Win32
		{019DBD2A-273D-4BA4-BF86-B5EFE2ED76B1}.Debug-MT|Mixed Platforms.Build.0 = Release|Win32
		{019DBD2A-273D-4BA4-BF86-B5EFE2ED76B1}.Debug-MT|Win32.ActiveCfg = Release|Win32
		{019DBD2A-273D-4BA4-BF86-B5EFE2ED76B1}.Debug-MT|Win32.Build.0 = Release|Win32
		{019DBD2A-273D-4BA4-BF86-B5EFE2ED76B1}.Debug-MT|x64.ActiveCfg = Release|Win32
		{019DBD2A-273D-4BA4-BF86-B5EFE2ED76B1}.Debug-MT|x86.ActiveCfg = Release|Win32
		{019DBD2A-273D-4BA4-BF86-B5EFE2ED76B1}.Release Library|Mixed Platforms.ActiveCfg = Release|Win32
		{019DBD2A-273D-4BA4-BF86-B5EFE2ED76B1}.Release Library|Mixed Platforms.Build.0 = Release|Win32
		{019DBD2A-273D-4BA4-BF86-B5EFE2ED76B1}.Release Library|Win32.ActiveCfg = Release|Win32
		{019DBD2A-273D-4BA4-BF86-B5EFE2ED76B1}.Release Library|Win32.Build.0 = Release|Win32
		{019DBD2A-273D-4BA4-BF86-B5EFE2ED76B1}.Release Library|x64.ActiveCfg = Release|Win32
		{019DBD2A-273D-4BA4-BF86-B5EFE2ED76B1}.Release Library|x86.ActiveCfg = Release|Win32
		{019DBD2A-273D-4BA4-BF86-B5EFE2ED76B1}.Release MX|Mixed Platforms.ActiveCfg = Release|Win32
		{019DBD2A-273D-4BA4-BF86-B5EFE2ED76B1}.Release MX|Mixed Platforms.Build.0 = Release|Win32
		{019DBD2A-273D-4BA4-BF86-B5EFE2ED76B1}.Release MX|Win32.ActiveCfg = Release|Win32
		{019DBD2A-273D-4BA4-BF86-B5EFE2ED76B1}.Release MX|Win32.Build.0 = Release|Win32
		{019DBD2A-273D-4BA4-BF86-B5EFE2ED76B1}.Release MX|x64.ActiveCfg = Release|Win32
		{019DBD2A-273D-4BA4-BF86-B5EFE2ED76B1}.Release MX|x86.ActiveCfg = Release|Win32
		{019DBD2A-273D-4BA4-BF86-B5EFE2ED76B1}.Release|Mixed Platforms.ActiveCfg = Release|Win32
		{019DBD2A-273D-4BA4-BF86-B5EFE2ED76B1}.Release|Mixed Platforms.Build.0 = Release|Win32
		{019DBD2A-273D-4BA4-BF86-B5EFE2ED76B1}.Release|Win32.ActiveCfg = Release|Win32
		{019DBD2A-273D-4BA4-BF86-B5EFE2ED76B1}.Release|Win32.Build.0 = Release|Win32
		{019DBD2A-273D-4BA4-BF86-B5EFE2ED76B1}.Release|x64.ActiveCfg = Release|x64
		{019DBD2A-273D-4BA4-BF86-B5EFE2ED76B1}.Release|x64.Build.0 = Release|x64
		{019DBD2A-273D-4BA4-BF86-B5EFE2ED76B1}.Release|x86.ActiveCfg = Release|Win32
		{019DBD2A-273D-4BA4-BF86-B5EFE2ED76B1}.Release-MT|Mixed Platforms.ActiveCfg = Release|Win32
		{019DBD2A-273D-4BA4-BF86-B5EFE2ED76B1}.Release-MT|Mixed Platforms.Build.0 = Release|Win32
		{019DBD2A-273D-4BA4-BF86-B5EFE2ED76B1}.Release-MT|Win32.ActiveCfg = Release|Win32
		{019DBD2A-273D-4BA4-BF86-B5EFE2ED76B1}.Release-MT|Win32.Build.0 = Release|Win32
		{019DBD2A-273D-4BA4-BF86-B5EFE2ED76B1}.Release-MT|x64.ActiveCfg = Release|Win32
		{019DBD2A-273D-4BA4-BF86-B5EFE2ED76B1}.Release-MT|x86.ActiveCfg = Release|Win32
		{019DBD2A-273D-4BA4-BF86-B5EFE2ED76B1}.ReleaseNvidia|Mixed Platforms.ActiveCfg = Release|x64
		{019DBD2A-273D-4BA4-BF86-B5EFE2ED76B1}.ReleaseNvidia|Mixed Platforms.Build.0 = Release|x64
		{019DBD2A-273D-4BA4-BF86-B5EFE2ED76B1}.ReleaseNvidia|Win32.ActiveCfg = Release|x64
		{019DBD2A-273D-4BA4-BF86-B5EFE2ED76B1}.ReleaseNvidia|x64.ActiveCfg = Release|x64
		{019DBD2A-273D-4BA4-BF86-B5EFE2ED76B1}.ReleaseNvidia|x64.Build.0 = Release|x64
		{019DBD2A-273D-4BA4-BF86-B5EFE2ED76B1}.ReleaseNvidia|x86.ActiveCfg = Release|x64
		{019DBD2A-273D-4BA4-BF86-B5EFE2ED76B1}.ReleaseWithoutAsm|Mixed Platforms.ActiveCfg = Release|Win32
		{019DBD2A-273D-4BA4-BF86-B5EFE2ED76B1}.ReleaseWithoutAsm|Mixed Platforms.Build.0 = Release|Win32
		{019DBD2A-273D-4BA4-BF86-B5EFE2ED76B1}.ReleaseWithoutAsm|Win32.ActiveCfg = Release|Win32
		{019DBD2A-273D-4BA4-BF86-B5EFE2ED76B1}.ReleaseWithoutAsm|Win32.Build.0 = Release|Win32
		{019DBD2A-273D-4BA4-BF86-B5EFE2ED76B1}.ReleaseWithoutAsm|x64.ActiveCfg = Release|Win32
		{019DBD2A-273D-4BA4-BF86-B5EFE2ED76B1}.ReleaseWithoutAsm|x86.ActiveCfg = Release|Win32
		{1D6039F6-5078-416F-A3AF-A36EFC7E6A1C}.Debug Library|Mixed Platforms.ActiveCfg = Debug|Win32
		{1D6039F6-5078-416F-A3AF-A36EFC7E6A1C}.Debug Library|Mixed Platforms.Build.0 = Debug|Win32
		{1D6039F6-5078-416F-A3AF-A36EFC7E6A1C}.Debug Library|Win32.ActiveCfg = Debug|Win32
		{1D6039F6-5078-416F-A3AF-A36EFC7E6A1C}.Debug Library|Win32.Build.0 = Debug|Win32
		{1D6039F6-5078-416F-A3AF-A36EFC7E6A1C}.Debug Library|x64.ActiveCfg = Debug|Win32
		{1D6039F6-5078-416F-A3AF-A36EFC7E6A1C}.Debug Library|x86.ActiveCfg = Debug|Win32
		{1D6039F6-5078-416F-A3AF-A36EFC7E6A1C}.Debug MX|Mixed Platforms.ActiveCfg = Debug|Win32
		{1D6039F6-5078-416F-A3AF-A36EFC7E6A1C}.Debug MX|Mixed Platforms.Build.0 = Debug|Win32
		{1D6039F6-5078-416F-A3AF-A36EFC7E6A1C}.Debug MX|Win32.ActiveCfg = Debug|Win32
		{1D6039F6-5078-416F-A3AF-A36EFC7E6A1C}.Debug MX|Win32.Build.0 = Debug|Win32
		{1D6039F6-5078-416F-A3AF-A36EFC7E6A1C}.Debug MX|x64.ActiveCfg = Debug|Win32
		{1D6039F6-5078-416F-A3AF-A36EFC7E6A1C}.Debug MX|x86.ActiveCfg = Debug|Win32
		{1D6039F6-5078-416F-A3AF-A36EFC7E6A1C}.Debug|Mixed Platforms.ActiveCfg = Debug|Win32
		{1D6039F6-5078-416F-A3AF-A36EFC7E6A1C}.Debug|Mixed Platforms.Build.0 = Debug|Win32
		{1D6039F6-5078-416F-A3AF-A36EFC7E6A1C}.Debug|Win32.ActiveCfg = Debug|Win32
		{1D6039F6-5078-416F-A3AF-A36EFC7E6A1C}.Debug|Win32.Build.0 = Debug|Win32
		{1D6039F6-5078-416F-A3AF-A36EFC7E6A1C}.Debug|x64.ActiveCfg = Debug|x64
		{1D6039F6-5078-416F-A3AF-A36EFC7E6A1C}.Debug|x64.Build.0 = Debug|x64
		{1D6039F6-5078-416F-A3AF-A36EFC7E6A1C}.Debug|x86.ActiveCfg = Debug|Win32
		{1D6039F6-5078-416F-A3AF-A36EFC7E6A1C}.Debug-MT|Mixed Platforms.ActiveCfg = Debug|Win32
		{1D6039F6-5078-416F-A3AF-A36EFC7E6A1C}.Debug-MT|Mixed Platforms.Build.0 = Debug|Win32
		{1D6039F6-5078-416F-A3AF-A36EFC7E6A1C}.Debug-MT|Win32.ActiveCfg = Debug|Win32
		{1D6039F6-5078-416F-A3AF-A36EFC7E6A1C}.Debug-MT|Win32.Build.0 = Debug|Win32
		{1D6039F6-5078-416F-A3AF-A36EFC7E6A1C}.Debug-MT|x64.ActiveCfg = Debug|Win32
		{1D6039F6-5078-416F-A3AF-A36EFC7E6A1C}.Debug-MT|x86.ActiveCfg = Debug|Win32
		{1D6039F6-5078-416F-A3AF-A36EFC7E6A1C}.Release Library|Mixed Platforms.ActiveCfg = Release|Win32
		{1D6039F6-5078-416F-A3AF-A36EFC7E6A1C}.Release Library|Mixed Platforms.Build.0 = Release|Win32
		{1D6039F6-5078-416F-A3AF-A36EFC7E6A1C}.Release Library|Win32.ActiveCfg = Release|Win32
		{1D6039F6-5078-416F-A3AF-A36EFC7E6A1C}.Release Library|Win32.Build.0 = Release|Win32
		{1D6039F6-5078-416F-A3AF-A36EFC7E6A1C}.Release Library|x64.ActiveCfg = Release|Win32
		{1D6039F6-5078-416F-A3AF-A36EFC7E6A1C}.Release Library|x86.ActiveCfg = Release|Win32
		{1D6039F6-5078-416F-A3AF-A36EFC7E6A1C}.Release MX|Mixed Platforms.ActiveCfg = Release|Win32
		{1D6039F6-5078-416F-A3AF-A36EFC7E6A1C}.Release MX|Mixed Platforms.Build.0 = Release|Win32
		{1D6039F6-5078-416F-A3AF-A36EFC7E6A1C}.Release MX|Win32.ActiveCfg = Release|Win32
		{1D6039F6-5078-416F-A3AF-A36EFC7E6A1C}.Release MX|Win32.Build.0 = Release|Win32
		{1D6039F6-5078-416F-A3AF-A36EFC7E6A1C}.Release MX|x64.ActiveCfg = Release|Win32
		{1D6039F6-5078-416F-A3AF-A36EFC7E6A1C}.Release MX|x86.ActiveCfg = Release|Win32
		{1D6039F6-5078-416F-A3AF-A36EFC7E6A1C}.Release|Mixed Platforms.ActiveCfg = Release|Win32
		{1D6039F6-5078-416F-A3AF-A36EFC7E6A1C}.Release|Mixed Platforms.Build.0 = Release|Win32
		{1D6039F6-5078-416F-A3AF-A36EFC7E6A1C}.Release|Win32.ActiveCfg = Release|Win32
		{1D6039F6-5078-416F-A3AF-A36EFC7E6A1C}.Release|Win32.Build.0 = Release|Win32
		{1D6039F6-5078-416F-A3AF-A36EFC7E6A1C}.Release|x64.ActiveCfg = Release|x64
		{1D6039F6-5078-416F-A3AF-A36EFC7E6A1C}.Release|x64.Build.0 = Release|x64
		{1D6039F6-5078-416F-A3AF-A36EFC7E6A1C}.Release|x86.ActiveCfg = Release|Win32
		{1D6039F6-5078-416F-A3AF-A36EFC7E6A1C}.Release-MT|Mixed Platforms.ActiveCfg = Release|Win32
		{1D6039F6-5078-416F-A3AF-A36EFC7E6A1C}.Release-MT|Mixed Platforms.Build.0 = Release|Win32
		{1D6039F6-5078-416F-A3AF-A36EFC7E6A1C}.Release-MT|Win32.ActiveCfg = Release|Win32
		{1D6039F6-5078-416F-A3AF-A36EFC7E6A1C}.Release-MT|Win32.Build.0 = Release|Win32
		{1D6039F6-5078-416F-A3AF-A36EFC7E6A1C}.Release-MT|x64.ActiveCfg = Release|Win32
		{1D6039F6-5078-416F-A3AF-A36EFC7E6A1C}.Release-MT|x86.ActiveCfg = Release|Win32
		{1D6039F6-5078-416F-A3AF-A36EFC7E6A1C}.ReleaseNvidia|Mixed Platforms.ActiveCfg = Release|x64
		{1D6039F6-5078-416F-A3AF-A36EFC7E6A1C}.ReleaseNvidia|Mixed Platforms.Build.0 = Release|x64
		{1D6039F6-5078-416F-A3AF-A36EFC7E6A1C}.ReleaseNvidia|Win32.ActiveCfg = Release|x64
		{1D6039F6-5078-416F-A3AF-A36EFC7E6A1C}.ReleaseNvidia|x64.ActiveCfg = Release|x64
		{1D6039F6-5078-416F-A3AF-A36EFC7E6A1C}.ReleaseNvidia|x64.Build.0 = Release|x64
		{1D6039F6-5078-416F-A3AF-A36EFC7E6A1C}.ReleaseNvidia|x86.ActiveCfg = Release|x64
		{1D6039F6-5078-416F-A3AF-A36EFC7E6A1C}.ReleaseWithoutAsm|Mixed Platforms.ActiveCfg = Release|Win32
		{1D6039F6-5078-416F-A3AF-A36EFC7E6A1C}.ReleaseWithoutAsm|Mixed Platforms.Build.0 = Release|Win32
		{1D6039F6-5078-416F-A3AF-A36EFC7E6A1C}.ReleaseWithoutAsm|Win32.ActiveCfg = Release|Win32
		{1D6039F6-5078-416F-A3AF-A36EFC7E6A1C}.ReleaseWithoutAsm|Win32.Build.0 = Release|Win32
		{1D6039F6-5078-416F-A3AF-A36EFC7E6A1C}.ReleaseWithoutAsm|x64.ActiveCfg = Release|Win32
		{1D6039F6-5078-416F-A3AF-A36EFC7E6A1C}.ReleaseWithoutAsm|x86.ActiveCfg = Release|Win32
		{C8096C47-E358-438C-A520-146D46B0637D}.Debug Library|Mixed Platforms.ActiveCfg = Debug|x86
		{C8096C47-E358-438C-A520-146D46B0637D}.Debug Library|Mixed Platforms.Build.0 = Debug|x86
		{C8096C47-E358-438C-A520-146D46B0637D}.Debug Library|Win32.ActiveCfg = Debug|x86
		{C8096C47-E358-438C-A520-146D46B0637D}.Debug Library|Win32.Build.0 = Debug|x86
		{C8096C47-E358-438C-A520-146D46B0637D}.Debug Library|x64.ActiveCfg = Debug|x64
		{C8096C47-E358-438C-A520-146D46B0637D}.Debug Library|x64.Build.0 = Debug|x64
		{C8096C47-E358-438C-A520-146D46B0637D}.Debug Library|x86.ActiveCfg = Debug|x86
		{C8096C47-E358-438C-A520-146D46B0637D}.Debug Library|x86.Build.0 = Debug|x86
		{C8096C47-E358-438C-A520-146D46B0637D}.Debug MX|Mixed Platforms.ActiveCfg = Debug|x86
		{C8096C47-E358-438C-A520-146D46B0637D}.Debug MX|Mixed Platforms.Build.0 = Debug|x86
		{C8096C47-E358-438C-A520-146D46B0637D}.Debug MX|Win32.ActiveCfg = Debug|x86
		{C8096C47-E358-438C-A520-146D46B0637D}.Debug MX|Win32.Build.0 = Debug|x86
		{C8096C47-E358-438C-A520-146D46B0637D}.Debug MX|x64.ActiveCfg = Debug|x64
		{C8096C47-E358-438C-A520-146D46B0637D}.Debug MX|x64.Build.0 = Debug|x64
		{C8096C47-E358-438C-A520-146D46B0637D}.Debug MX|x86.ActiveCfg = Debug|x86
		{C8096C47-E358-438C-A520-146D46B0637D}.Debug MX|x86.Build.0 = Debug|x86
		{C8096C47-E358-438C-A520-146D46B0637D}.Debug|Mixed Platforms.ActiveCfg = Debug|x86
		{C8096C47-E358-438C-A520-146D46B0637D}.Debug|Mixed Platforms.Build.0 = Debug|x86
		{C8096C47-E358-438C-A520-146D46B0637D}.Debug|Win32.ActiveCfg = Debug|x86
		{C8096C47-E358-438C-A520-146D46B0637D}.Debug|Win32.Build.0 = Debug|x86
		{C8096C47-E358-438C-A520-146D46B0637D}.Debug|x64.ActiveCfg = Debug|x64
		{C8096C47-E358-438C-A520-146D46B0637D}.Debug|x86.ActiveCfg = Debug|x86
		{C8096C47-E358-438C-A520-146D46B0637D}.Debug|x86.Build.0 = Debug|x86
		{C8096C47-E358-438C-A520-146D46B0637D}.Debug-MT|Mixed Platforms.ActiveCfg = Debug|x86
		{C8096C47-E358-438C-A520-146D46B0637D}.Debug-MT|Mixed Platforms.Build.0 = Debug|x86
		{C8096C47-E358-438C-A520-146D46B0637D}.Debug-MT|Win32.ActiveCfg = Debug|x86
		{C8096C47-E358-438C-A520-146D46B0637D}.Debug-MT|Win32.Build.0 = Debug|x86
		{C8096C47-E358-438C-A520-146D46B0637D}.Debug-MT|x64.ActiveCfg = Debug|x64
		{C8096C47-E358-438C-A520-146D46B0637D}.Debug-MT|x64.Build.0 = Debug|x64
		{C8096C47-E358-438C-A520-146D46B0637D}.Debug-MT|x86.ActiveCfg = Debug|x86
		{C8096C47-E358-438C-A520-146D46B0637D}.Debug-MT|x86.Build.0 = Debug|x86
		{C8096C47-E358-438C-A520-146D46B0637D}.Release Library|Mixed Platforms.ActiveCfg = ReleaseNvidia|x86
		{C8096C47-E358-438C-A520-146D46B0637D}.Release Library|Mixed Platforms.Build.0 = ReleaseNvidia|x86
		{C8096C47-E358-438C-A520-146D46B0637D}.Release Library|Win32.ActiveCfg = ReleaseNvidia|x86
		{C8096C47-E358-438C-A520-146D46B0637D}.Release Library|Win32.Build.0 = ReleaseNvidia|x86
		{C8096C47-E358-438C-A520-146D46B0637D}.Release Library|x64.ActiveCfg = ReleaseNvidia|x64
		{C8096C47-E358-438C-A520-146D46B0637D}.Release Library|x64.Build.0 = ReleaseNvidia|x64
		{C8096C47-E358-438C-A520-146D46B0637D}.Release Library|x86.ActiveCfg = ReleaseNvidia|x86
		{C8096C47-E358-438C-A520-146D46B0637D}.Release Library|x86.Build.0 = ReleaseNvidia|x86
		{C8096C47-E358-438C-A520-146D46B0637D}.Release MX|Mixed Platforms.ActiveCfg = ReleaseNvidia|x86
		{C8096C47-E358-438C-A520-146D46B0637D}.Release MX|Mixed Platforms.Build.0 = ReleaseNvidia|x86
		{C8096C47-E358-438C-A520-146D46B0637D}.Release MX|Win32.ActiveCfg = ReleaseNvidia|x86
		{C8096C47-E358-438C-A520-146D46B0637D}.Release MX|Win32.Build.0 = ReleaseNvidia|x86
		{C8096C47-E358-438C-A520-146D46B0637D}.Release MX|x64.ActiveCfg = ReleaseNvidia|x64
		{C8096C47-E358-438C-A520-146D46B0637D}.Release MX|x64.Build.0 = ReleaseNvidia|x64
		{C8096C47-E358-438C-A520-146D46B0637D}.Release MX|x86.ActiveCfg = ReleaseNvidia|x86
		{C8096C47-E358-438C-A520-146D46B0637D}.Release MX|x86.Build.0 = ReleaseNvidia|x86
		{C8096C47-E358-438C-A520-146D46B0637D}.Release|Mixed Platforms.ActiveCfg = Release|x86
		{C8096C47-E358-438C-A520-146D46B0637D}.Release|Mixed Platforms.Build.0 = Release|x86
		{C8096C47-E358-438C-A520-146D46B0637D}.Release|Win32.ActiveCfg = Release|x86
		{C8096C47-E358-438C-A520-146D46B0637D}.Release|Win32.Build.0 = Release|x86
		{C8096C47-E358-438C-A520-146D46B0637D}.Release|x64.ActiveCfg = Release|x64
		{C8096C47-E358-438C-A520-146D46B0637D}.Release|x64.Build.0 = Release|x64
		{C8096C47-E358-438C-A520-146D46B0637D}.Release|x86.ActiveCfg = Release|x86
		{C8096C47-E358-438C-A520-146D46B0637D}.Release|x86.Build.0 = Release|x86
		{C8096C47-E358-438C-A520-146D46B0637D}.Release-MT|Mixed Platforms.ActiveCfg = ReleaseNvidia|x86
		{C8096C47-E358-438C-A520-146D46B0637D}.Release-MT|Mixed Platforms.Build.0 = ReleaseNvidia|x86
		{C8096C47-E358-438C-A520-146D46B0637D}.Release-MT|Win32.ActiveCfg = ReleaseNvidia|x86
		{C8096C47-E358-438C-A520-146D46B0637D}.Release-MT|Win32.Build.0 = ReleaseNvidia|x86
		{C8096C47-E358-438C-A520-146D46B0637D}.Release-MT|x64.ActiveCfg = ReleaseNvidia|x64
		{C8096C47-E358-438C-A520-146D46B0637D}.Release-MT|x64.Build.0 = ReleaseNvidia|x64
		{C8096C47-E358-438C-A520-146D46B0637D}.Release-MT|x86.ActiveCfg = ReleaseNvidia|x86
		{C8096C47-E358-438C-A520-146D46B0637D}.Release-MT|x86.Build.0 = ReleaseNvidia|x86
		{C8096C47-E358-438C-A520-146D46B0637D}.ReleaseNvidia|Mixed Platforms.ActiveCfg = ReleaseNvidia|x86
		{C8096C47-E358-438C-A520-146D46B0637D}.ReleaseNvidia|Mixed Platforms.Build.0 = ReleaseNvidia|x86
		{C8096C47-E358-438C-A520-146D46B0637D}.ReleaseNvidia|Win32.ActiveCfg = ReleaseNvidia|x86
		{C8096C47-E358-438C-A520-146D46B0637D}.ReleaseNvidia|Win32.Build.0 = ReleaseNvidia|x86
		{C8096C47-E358-438C-A520-146D46B0637D}.ReleaseNvidia|x64.ActiveCfg = ReleaseNvidia|x64
		{C8096C47-E358-438C-A520-146D46B0637D}.ReleaseNvidia|x64.Build.0 = ReleaseNvidia|x64
		{C8096C47-E358-438C-A520-146D46B0637D}.ReleaseNvidia|x86.ActiveCfg = ReleaseNvidia|x86
		{C8096C47-E358-438C-A520-146D46B0637D}.ReleaseNvidia|x86.Build.0 = ReleaseNvidia|x86
		{C8096C47-E358-438C-A520-146D46B0637D}.ReleaseWithoutAsm|Mixed Platforms.ActiveCfg = ReleaseNvidia|x86
		{C8096C47-E358-438C-A520-146D46B0637D}.ReleaseWithoutAsm|Mixed Platforms.Build.0 = ReleaseNvidia|x86
		{C8096C47-E358-438C-A520-146D46B0637D}.ReleaseWithoutAsm|Win32.ActiveCfg = ReleaseNvidia|x86
		{C8096C47-E358-438C-A520-146D46B0637D}.ReleaseWithoutAsm|Win32.Build.0 = ReleaseNvidia|x86
		{C8096C47-E358-438C-A520-146D46B0637D}.ReleaseWithoutAsm|x64.ActiveCfg = ReleaseNvidia|x64
		{C8096C47-E358-438C-A520-146D46B0637D}.ReleaseWithoutAsm|x64.Build.0 = ReleaseNvidia|x64
		{C8096C47-E358-438C-A520-146D46B0637D}.ReleaseWithoutAsm|x86.ActiveCfg = ReleaseNvidia|x86
		{C8096C47-E358-438C-A520-146D46B0637D}.ReleaseWithoutAsm|x86.Build.0 = ReleaseNvidia|x86
	EndGlobalSection
	GlobalSection(SolutionProperties) = preSolution
		HideSolutionNode = FALSE
	EndGlobalSection
EndGlobal
